{
  "version": 2,
  "pack-format": "bundle:29",
  "packages": [
    {
      "path": "mods/crash-assistant.bun.json",
      "slug": "crash-assistant",
      "filename": "CrashAssistant-fabric-1.18.2-1.11.10.jar",
      "provider": "modrinth",
      "project-id": "ix1qq8Ux",
      "version-id": "pQXgH7e9",
      "sha512": "cbc95cf0ae4467800bb2ecffbd98a87f9dc77bf60af27a21816e2d2fd23a4c1610fdf0e9245bbec74a218fa193ff6ced1b1ee3adb25e6e440a704424d44e0a29",
      "sidecar-hash": "54811e3b0da7502138d297d046683f2b6d582e8d3b8d1fa7abeb09a15a415cc1b35a3d1aacbac2f51d0b6e9825ec9f85292f586f20b79a23a589a6ba1c8b15d2",
      "chosen": "modrinth",
      "providers": {
        "modrinth": {
          "project-id": "ix1qq8Ux",
          "version-id": "pQXgH7e9",
          "filename": "CrashAssistant-fabric-1.18.2-1.11.10.jar",
          "url": "https://cdn.modrinth.com/data/ix1qq8Ux/versions/pQXgH7e9/CrashAssistant-fabric-1.18.2-1.11.10.jar",
          "hashes": {
            "sha512": "cbc95cf0ae4467800bb2ecffbd98a87f9dc77bf60af27a21816e2d2fd23a4c1610fdf0e9245bbec74a218fa193ff6ced1b1ee3adb25e6e440a704424d44e0a29"
          }
        }
      }
    },
    {
      "path": "mods/entityculling.bun.json",
      "slug": "entityculling",
      "filename": "entityculling-fabric-1.6.1-mc1.18.2.jar",
      "provider": "modrinth",
      "project-id": "NNAgCjsB",
      "version-id": "d3CbGntl",
      "sha512": "0a7076cea4619d8fadf114c68a9eb3880c6199a80dfe8f38f332960e03b887bd4f30a8bb2aef850b8f781887d6b9be37358b492546b45a270582190511d1b1e6",
      "sidecar-hash": "983b4d3dbf72854f35924a62f50388ca6eec01a9de8ae79f1ddc020032249b1aacffb7aea9e38c38e3d3a91586110b5c611121759728d485ab9590a7672606a9",
      "chosen": "modrinth",
      "providers": {
        "modrinth": {
          "project-id": "NNAgCjsB",
          "version-id": "d3CbGntl",
          "filename": "entityculling-fabric-1.6.1-mc1.18.2.jar",
          "url": "https://cdn.modrinth.com/data/NNAgCjsB/versions/d3CbGntl/entityculling-fabric-1.6.1-mc1.18.2.jar",
          "hashes": {
            "sha512": "0a7076cea4619d8fadf114c68a9eb3880c6199a80dfe8f38f332960e03b887bd4f30a8bb2aef850b8f781887d6b9be37358b492546b45a270582190511d1b1e6"
          }
        }
      }
    },
    {
      "path": "mods/fabric-api.bun.json",
      "slug": "fabric-api",
      "filename": "fabric-api-0.77.0+1.18.2.jar",
      "provider": "modrinth",
      "project-id": "P7dR8mSH",
      "version-id": "qk28POfr",
      "sha512": "adb62b0d73e83cf9302a59a55ffe7ca2cf6f4ebb34312ec09e0f56b99ebc173e02dd4f0b8ec059d7262a14857dc1911645b090e460f20fd8e2d48aa5f2fdbefa",
      "sidecar-hash": "2f274d50b6bc3d102770c4efda8ec4ec203205bf58ff008a01265ef5f8a9ea60d649ad105745a6c8404cf5bba3b7ca9a9b8de859aebdce79c09299fcb657321e",
      "chosen": "modrinth",
      "providers": {
        "modrinth": {
          "project-id": "P7dR8mSH",
          "version-id": "qk28POfr",
          "filename": "fabric-api-0.77.0+1.18.2.jar",
          "url": "https://cdn.modrinth.com/data/P7dR8mSH/versions/qk28POfr/fabric-api-0.77.0%2B1.18.2.jar",
          "hashes": {
            "sha512": "adb62b0d73e83cf9302a59a55ffe7ca2cf6f4ebb34312ec09e0f56b99ebc173e02dd4f0b8ec059d7262a14857dc1911645b090e460f20fd8e2d48aa5f2fdbefa"
          }
        }
      }
    },
    {
      "path": "mods/ferrite-core.bun.json",
      "slug": "ferrite-core",
      "filename": "ferritecore-4.2.1-fabric.jar",
      "provider": "modrinth",
      "project-id": "uXXizFIs",
      "version-id": "776Z5oW9",
      "sha512": "066a5644191ee45abde5ad4bf7f1662f8aaef842ed24398e311a35d39861b6159fb55ccd18c6ad8940cabed3341c5163462e7c2895631a6d26945f67db326798",
      "sidecar-hash": "b43d6e0e13d70e24dda4f2dd83e16a1e5af37d2a5bc727ff4f00a0495d0142bfd5c5d6623361d0afe3706afbde835ea6391d8fa9619673c118683d48009cf674",
      "chosen": "modrinth",
      "providers": {
        "modrinth": {
          "project-id": "uXXizFIs",
          "version-id": "776Z5oW9",
          "filename": "ferritecore-4.2.1-fabric.jar",
          "url": "https://cdn.modrinth.com/data/uXXizFIs/versions/4.2.1/ferritecore-4.2.1-fabric.jar",
          "hashes": {
            "sha512": "066a5644191ee45abde5ad4bf7f1662f8aaef842ed24398e311a35d39861b6159fb55ccd18c6ad8940cabed3341c5163462e7c2895631a6d26945f67db326798"
          }
        }
      }
    },
    {
      "path": "mods/ixeris.bun.json",
      "slug": "ixeris",
      "filename": "Ixeris-4.5.1+1.18.2-fabric.jar",
      "provider": "modrinth",
      "project-id": "p8RJPJIC",
      "version-id": "ANYuAlG9",
      "sha512": "2c5b4ba0b73c4429d7d97de91db867b14562a3c9aa93717c0ddcf13e5b8e7a8647a25a72bc48812baa4be16bb56fae222a079f2141bbc00bda10bdeda07ef20c",
      "sidecar-hash": "ef0cda85382db531a8022fe132754d9908b666709e6a5fbb364f5bfab45de4bfef7f8b730f145c0826b6a03b9850e19dd993bc5fbefb96120242c319f159774f",
      "chosen": "modrinth",
      "providers": {
        "modrinth": {
          "project-id": "p8RJPJIC",
          "version-id": "ANYuAlG9",
          "filename": "Ixeris-4.5.1+1.18.2-fabric.jar",
          "url": "https://cdn.modrinth.com/data/p8RJPJIC/versions/ANYuAlG9/Ixeris-4.5.1%2B1.18.2-fabric.jar",
          "hashes": {
            "sha512": "2c5b4ba0b73c4429d7d97de91db867b14562a3c9aa93717c0ddcf13e5b8e7a8647a25a72bc48812baa4be16bb56fae222a079f2141bbc00bda10bdeda07ef20c"
          }
        }
      }
    },
    {
      "path": "mods/lazydfu.bun.json",
      "slug": "lazydfu",
      "filename": "lazydfu-0.1.2.jar",
      "provider": "modrinth",
      "project-id": "hvFnDODi",
      "version-id": "C6e265zK",
      "sha512": "20b1cd3e62051c7d7498ecdc49912acb918fc4748d469c67c078cc97197289760e64b9339a4d4a03d175f648c8be8601d131776a9a6bdb8832cecdda6fc46498",
      "sidecar-hash": "8491baa4f7a8e8b79d132f43d2f1770a7a993a0e59b0718fa989339b185c56023a5e51b678b09bc743ac973b4123c5ecfac28337216c113395967dded7c55156",
      "chosen": "modrinth",
      "providers": {
        "modrinth": {
          "project-id": "hvFnDODi",
          "version-id": "C6e265zK",
          "filename": "lazydfu-0.1.2.jar",
          "url": "https://cdn.modrinth.com/data/hvFnDODi/versions/0.1.2/lazydfu-0.1.2.jar",
          "hashes": {
            "sha512": "20b1cd3e62051c7d7498ecdc49912acb918fc4748d469c67c078cc97197289760e64b9339a4d4a03d175f648c8be8601d131776a9a6bdb8832cecdda6fc46498"
          }
        }
      }
    },
    {
      "path": "mods/lithium.bun.json",
      "slug": "lithium",
      "filename": "lithium-fabric-mc1.18.2-0.10.3.jar",
      "provider": "modrinth",
      "project-id": "gvQqBUqZ",
      "version-id": "ALnv7Npy",
      "sha512": "46d4cdaf627a20c61fbbbc055d6fbfc422b851d94288b6dd2296fc958c6b32d4d6955bc678e7b9ea9ae69f4a4a54e7b822c164fee849c9b5c7cde0c1c1595413",
      "sidecar-hash": "b33dbaa8a019ed8ba66ef49a7d9b373f24a072b5dffd897df246a5cc7835fb6e93a7fb50f41e2d0ceb7dbfe565cfa5a6f32486e46feb2fe484871d37287fb780",
      "chosen": "modrinth",
      "providers": {
        "modrinth": {
          "project-id": "gvQqBUqZ",
          "version-id": "ALnv7Npy",
          "filename": "lithium-fabric-mc1.18.2-0.10.3.jar",
          "url": "https://cdn.modrinth.com/data/gvQqBUqZ/versions/ALnv7Npy/lithium-fabric-mc1.18.2-0.10.3.jar",
          "hashes": {
            "sha512": "46d4cdaf627a20c61fbbbc055d6fbfc422b851d94288b6dd2296fc958c6b32d4d6955bc678e7b9ea9ae69f4a4a54e7b822c164fee849c9b5c7cde0c1c1595413"
          }
        }
      }
    },
    {
      "path": "mods/modernfix.bun.json",
      "slug": "modernfix",
      "filename": "modernfix-fabric-5.18.0+mc1.18.2.jar",
      "provider": "modrinth",
      "project-id": "nmDcB62a",
      "version-id": "LJ5N4YSl",
      "sha512": "7d119d7d116fc7fe6a90f9fb7968385bc2e5bac08a7a8607e3cc61d56598a2b827b7551f4e6094452ce2c77dcb47d00154497bd1c26285693485b64661d34be3",
      "sidecar-hash": "482726a34cb94d0b3287accf09c1a9ac018c3d45bef490656ee81499cefcc653d0a85fbae6ad91db64d23b2668f51f26ae1b285132d09d40c139e82f6fa227c7",
      "chosen": "modrinth",
      "providers": {
        "modrinth": {
          "project-id": "nmDcB62a",
          "version-id": "LJ5N4YSl",
          "filename": "modernfix-fabric-5.18.0+mc1.18.2.jar",
          "url": "https://cdn.modrinth.com/data/nmDcB62a/versions/LJ5N4YSl/modernfix-fabric-5.18.0%2Bmc1.18.2.jar",
          "hashes": {
            "sha512": "7d119d7d116fc7fe6a90f9fb7968385bc2e5bac08a7a8607e3cc61d56598a2b827b7551f4e6094452ce2c77dcb47d00154497bd1c26285693485b64661d34be3"
          }
        }
      }
    },
    {
      "path": "mods/phosphor.bun.json",
      "slug": "phosphor",
      "filename": "phosphor-fabric-mc1.18.x-0.8.1.jar",
      "provider": "modrinth",
      "project-id": "hEOCdOgW",
      "version-id": "HG1UaV1y",
      "sha512": "6a06f397f5f054f12334b81251dbdbd9c82c7e4e41810d6708a9d40966da113560c6f23e95f6f5ed52cfe1e843f7f71910a84b2bb476354456ff11be668a4c1d",
      "sidecar-hash": "def88af22a74265838b9ebeb13b5a480cc5f932b8818e1ccb232953ef81b2bb954c08f428065b723b8be28846b1b271ee955d2dd05608cf78953e92f625fc589",
      "chosen": "modrinth",
      "providers": {
        "modrinth": {
          "project-id": "hEOCdOgW",
          "version-id": "HG1UaV1y",
          "filename": "phosphor-fabric-mc1.18.x-0.8.1.jar",
          "url": "https://cdn.modrinth.com/data/hEOCdOgW/versions/mc1.18.x-0.8.1/phosphor-fabric-mc1.18.x-0.8.1.jar",
          "hashes": {
            "sha512": "6a06f397f5f054f12334b81251dbdbd9c82c7e4e41810d6708a9d40966da113560c6f23e95f6f5ed52cfe1e843f7f71910a84b2bb476354456ff11be668a4c1d"
          }
        }
      }
    },
    {
      "path": "mods/smoothboot-fabric.bun.json",
      "slug": "smoothboot-fabric",
      "filename": "smoothboot-fabric-1.18.2-1.7.0.jar",
      "provider": "modrinth",
      "project-id": "FWumhS4T",
      "version-id": "iy4eaYy2",
      "sha512": "2ee1ae0b1f3426737d5f6ef3740a91f1ba8cfa4669e9abfe7b87f6448d8708385278d6212300da99188fe39ac4937c9305aa7b15ea2192c0fc702d7762e78148",
      "sidecar-hash": "6e38470c5feb0ed4aee863f69de70b954981bbe26b2ec79d071229bec0d4bd9c753ce6075a0188e8ade0c30aef39835c3e9cd0fbb2d682f35a06ad29d38a65be",
      "chosen": "modrinth",
      "providers": {
        "modrinth": {
          "project-id": "FWumhS4T",
          "version-id": "iy4eaYy2",
          "filename": "smoothboot-fabric-1.18.2-1.7.0.jar",
          "url": "https://cdn.modrinth.com/data/FWumhS4T/versions/iy4eaYy2/smoothboot-fabric-1.18.2-1.7.0.jar",
          "hashes": {
            "sha512": "2ee1ae0b1f3426737d5f6ef3740a91f1ba8cfa4669e9abfe7b87f6448d8708385278d6212300da99188fe39ac4937c9305aa7b15ea2192c0fc702d7762e78148"
          }
        }
      }
    },
    {
      "path": "mods/sodium.bun.json",
      "slug": "sodium",
      "filename": "sodium-fabric-mc1.18.2-0.4.1+build.15.jar",
      "provider": "modrinth",
      "project-id": "AANobbMI",
      "version-id": "74Y5Z8fo",
      "sha512": "86eb4db8fdb9f0bb06274c4f150b55273b5b770ffc89e0ba68011152a231b79ebe0b1adda0dd194f92cdcb386f7a60863d9fee5d15c1c3547ffa22a19083a1ee",
      "sidecar-hash": "fc9b3e1f4d2a4cd6efde066612039be44ddf7dac36e0b9deae9113b1afc5a25125c424d841943fa9258271812d076b1acb9761efdb5b4b7f00849980019905a9",
      "chosen": "modrinth",
      "providers": {
        "modrinth": {
          "project-id": "AANobbMI",
          "version-id": "74Y5Z8fo",
          "filename": "sodium-fabric-mc1.18.2-0.4.1+build.15.jar",
          "url": "https://cdn.modrinth.com/data/AANobbMI/versions/mc1.18.2-0.4.1/sodium-fabric-mc1.18.2-0.4.1%2Bbuild.15.jar",
          "hashes": {
            "sha512": "86eb4db8fdb9f0bb06274c4f150b55273b5b770ffc89e0ba68011152a231b79ebe0b1adda0dd194f92cdcb386f7a60863d9fee5d15c1c3547ffa22a19083a1ee"
          }
        }
      }
    }
  ],
  "overlays": [
    {
      "file": "config/crash_assistant/config.toml",
      "hash": "753277b43443e6ffc189b049eeea4bad09c5a46d8ac39de705fa6a3b6b356e97f50af9a204d7832fb9c28c4b9587dad0b3d92f6862070dd6f3aea3b38140ff1b",
      "hash-format": "sha512"
    },
    {
      "file": "config/crash_assistant/crash_assistant_localization_overrides/README.md",
      "hash": "f5f98f93f10ba11649c77c3eae696d91d37df6aae4d73f1ac6a88e2185a366aaa4f2934a56faa8390226c23fa7cae7ab5082db8242015df1e27fedcfa37e6649",
      "hash-format": "sha512"
    },
    {
      "file": "config/crash_assistant/modlist.json",
      "hash": "dd8cfe16a4a44a3a294e62366580a8a3469a1cc5f5fcaca689c99e6726bfb18418bdb49781e798b4467d60ad55106bd6a91b807baa1f0098f171a97cd59c842c",
      "hash-format": "sha512"
    },
    {
      "file": "config/crash_assistant/scripts/log_analysis/example.jexl",
      "hash": "503ebb6b2a8ebf150d529087a9e6e7a70580f61adbdcb814c923aab066fd1c61d44bca928ada472dfc6499372724a9e0cf0d47f471a5450529af9273e67b3986",
      "hash-format": "sha512"
    },
    {
      "file": "config/crash_assistant/scripts/startup/example.jexl",
      "hash": "6c6bcec06aa1b70a93dccd01feb3f9b1586133d243b666ae6b5f1179b4948e968e2d9d359daabb77649069ff54635ac90299fe4732352dede7213aac5a576154",
      "hash-format": "sha512"
    },
    {
      "file": "config/fabric/indigo-renderer.properties",
      "hash": "70aa8a62aca9307ef24c792677f3dcd1e9a328dff9f14ff8faff31d39484572cde398421ee2364c17549cb11b7e2eef33a25edb5cd7effa158b0ae5d48de902f",
      "hash-format": "sha512"
    },
    {
      "file": "config/ferritecore.mixin.properties",
      "hash": "d4adeef869d7387700c0307def2414ff701998bb25aa3113a0d234408444b10e671dd195d9ab116dcf1655a218a9cc8f11f48d9a6ba161be2111ac05c0588b38",
      "hash-format": "sha512"
    },
    {
      "file": "config/ixeris.toml",
      "hash": "2b411b4e816e7cff9888cde659674b3d4f1975216a015f1fcfafb345e16063ff73b83c4f98cd428fe162ba8d34336116550d18daec7c57cd507d08413c7cf35b",
      "hash-format": "sha512"
    },
    {
      "file": "config/modernfix-mixins.properties",
      "hash": "7b0e8af66df5abdfb8b421b5472e139966a944643ae5cad8c84513e5a672fadd64ef19e3f2c1b20856516c445dbfc7802a0e7b795473107495a0715b43dba6ea",
      "hash-format": "sha512"
    },
    {
      "file": "modlist.md",
      "hash": "5bc4d87d43d2301eb2bc6e36e315e46615de37a45e83fe5e675a98693fa5f01a3b5eb50b00368a8d6f1ceea0d9ed1ac6006843b60687831f68184320f2746d80",
      "hash-format": "sha512"
    }
  ]
}
