{
  "version": 2,
  "pack-format": "bundle:29",
  "packages": [
    {
      "path": "mods/ai-improvements.bun.json",
      "slug": "ai-improvements",
      "filename": "AIImprovements-1.8.9-0.0.1b20160401184840-universal.jar",
      "provider": "modrinth",
      "project-id": "DSVgwcji",
      "version-id": "LQ8QsY7I",
      "sha512": "b0cf46162fc28cad26bf339445e270c25755d97483a5bed9979b07713929519e1f43358abe74d1cba323d4a358f4f4f8594917330de6fd4090091e58f7a5cb58",
      "sidecar-hash": "2a6f6197cc0ed03dd9dfac5a252d38a32581c75d08c19f1073f3747c84bc107832b64a567d0053c3b975edf38d75c3f45cd0b0ffe0e12d53f9ddbe902439dcb0",
      "chosen": "modrinth",
      "providers": {
        "modrinth": {
          "project-id": "DSVgwcji",
          "version-id": "LQ8QsY7I",
          "filename": "AIImprovements-1.8.9-0.0.1b20160401184840-universal.jar",
          "url": "https://cdn.modrinth.com/data/DSVgwcji/versions/LQ8QsY7I/AIImprovements-1.8.9-0.0.1b20160401184840-universal.jar",
          "hashes": {
            "sha512": "b0cf46162fc28cad26bf339445e270c25755d97483a5bed9979b07713929519e1f43358abe74d1cba323d4a358f4f4f8594917330de6fd4090091e58f7a5cb58"
          }
        }
      }
    },
    {
      "path": "mods/beddium.bun.json",
      "slug": "beddium",
      "filename": "beddium-mc1.7.10-1.2.4-j8.jar",
      "provider": "modrinth",
      "project-id": "kPtHpb7z",
      "version-id": "vqEZg8Dn",
      "sha512": "69d37115b8b02808718f64f708b82226a2d6bd2203137ec7dc2c17fe1a57e59767ea8a1bb1a6329fa1fd6089d97e496597d873b0b7671fde4606ff84f460973d",
      "sidecar-hash": "f1a506ec257087c09d8c26659156e75e92ca6930f903ba29bd5d52dad43d4c998aaed9c3e2bc4bb3d024b51746753357eb7712ca1ae72aa42a518b553fc7349c",
      "chosen": "modrinth",
      "providers": {
        "modrinth": {
          "project-id": "kPtHpb7z",
          "version-id": "vqEZg8Dn",
          "filename": "beddium-mc1.7.10-1.2.4-j8.jar",
          "url": "https://cdn.modrinth.com/data/kPtHpb7z/versions/vqEZg8Dn/beddium-mc1.7.10-1.2.4-j8.jar",
          "hashes": {
            "sha512": "69d37115b8b02808718f64f708b82226a2d6bd2203137ec7dc2c17fe1a57e59767ea8a1bb1a6329fa1fd6089d97e496597d873b0b7671fde4606ff84f460973d"
          }
        }
      }
    },
    {
      "path": "mods/born-in-a-barn.bun.json",
      "slug": "born-in-a-barn",
      "filename": "Born In A Barn 1.8-1.12-1.2.jar",
      "provider": "modrinth",
      "project-id": "WfPGKC8F",
      "version-id": "40q9Yeit",
      "sha512": "aaadf3b97ceb905ed21fd495d5176cab38795f73f137b5b00e8d5b42edaf20d247c8d20fa0a0136031e173d4f67f285477a5cfda025d4d8f847530359ed2d682",
      "sidecar-hash": "e09a934e6a32d196b9c3b891e26132d9d0ed6ec779220edfe92e86652fd4da0eeb22854c0c84f7548aa134dfa369f82ca6117b914c3dfedf58fc7dd2a1713bc9",
      "chosen": "modrinth",
      "providers": {
        "modrinth": {
          "project-id": "WfPGKC8F",
          "version-id": "40q9Yeit",
          "filename": "Born In A Barn 1.8-1.12-1.2.jar",
          "url": "https://cdn.modrinth.com/data/WfPGKC8F/versions/40q9Yeit/Born%20In%20A%20Barn%201.8-1.12-1.2.jar",
          "hashes": {
            "sha512": "aaadf3b97ceb905ed21fd495d5176cab38795f73f137b5b00e8d5b42edaf20d247c8d20fa0a0136031e173d4f67f285477a5cfda025d4d8f847530359ed2d682"
          }
        }
      }
    },
    {
      "path": "mods/crash-assistant.bun.json",
      "slug": "crash-assistant",
      "filename": "!!!CrashAssistant-forge-1.8.9-1.11.9.jar",
      "provider": "modrinth",
      "project-id": "ix1qq8Ux",
      "version-id": "Q3DVaxEM",
      "sha512": "922c26b397464eae143e0ad65f01cb2fd92131f6a7634ce73ae7c36fc70f1491c196831e247813e9818b7eaa78e6fff26484389d346baa80cfde0fc3a2af5a41",
      "sidecar-hash": "6e3ca7089034c3d9194d7e90b7f4b2245b3ee60f0c2ef7f6185e1b40ebf3850d6a028f43f7ac2edf2ca26280d46a8d44f35efa7db3f8b7519ed4509e51a8986d",
      "chosen": "modrinth",
      "providers": {
        "modrinth": {
          "project-id": "ix1qq8Ux",
          "version-id": "Q3DVaxEM",
          "filename": "!!!CrashAssistant-forge-1.8.9-1.11.9.jar",
          "url": "https://cdn.modrinth.com/data/ix1qq8Ux/versions/Q3DVaxEM/%21%21%21CrashAssistant-forge-1.8.9-1.11.9.jar",
          "hashes": {
            "sha512": "922c26b397464eae143e0ad65f01cb2fd92131f6a7634ce73ae7c36fc70f1491c196831e247813e9818b7eaa78e6fff26484389d346baa80cfde0fc3a2af5a41"
          }
        }
      }
    },
    {
      "path": "mods/crashpatch.bun.json",
      "slug": "crashpatch",
      "filename": "CrashPatch-1.8.9-forge-2.0.2.jar",
      "provider": "modrinth",
      "project-id": "nZ3E8WQz",
      "version-id": "qDhse9AS",
      "sha512": "6ddba5eb1184ceab16b70f7bb951115eb1b43717535fa4f765552c3729b6357b257056533ee2b17384b7ffe93f767e5cb2b4f036f3c977c174dadb302d08fee5",
      "sidecar-hash": "e8443cf06bcbe5075e5f7d2841d924aec2d5a5712e87e6a0662fecb40ca4acc0a7c315a8a5a9b1ade3a2126397bce5d0518ff2cce715377655e3098cd9e8d99c",
      "chosen": "modrinth",
      "providers": {
        "modrinth": {
          "project-id": "nZ3E8WQz",
          "version-id": "qDhse9AS",
          "filename": "CrashPatch-1.8.9-forge-2.0.2.jar",
          "url": "https://cdn.modrinth.com/data/nZ3E8WQz/versions/qDhse9AS/CrashPatch-1.8.9-forge-2.0.2.jar",
          "hashes": {
            "sha512": "6ddba5eb1184ceab16b70f7bb951115eb1b43717535fa4f765552c3729b6357b257056533ee2b17384b7ffe93f767e5cb2b4f036f3c977c174dadb302d08fee5"
          }
        }
      }
    },
    {
      "path": "mods/entityculling.bun.json",
      "slug": "entityculling",
      "filename": "entityculling-forge-mc1.8.9-1.5.0.jar",
      "provider": "modrinth",
      "project-id": "NNAgCjsB",
      "version-id": "WiIRU3UP",
      "sha512": "af587b299cdf0ac1cc2892fd2e52c715d36c9ecffddd1f7ce71426fc988eccc54eda70b6f66b114813ff521fcdd1e3e871f559139d23c3a1b87c11d5f795a931",
      "sidecar-hash": "52704fc666d04ae619b4d8c5085eec594424593366fa3e3618333e7c7959359eaa5b49c90ad2d471bc6b019815acced5f546875e73c559332e5dfdd66126711e",
      "chosen": "modrinth",
      "providers": {
        "modrinth": {
          "project-id": "NNAgCjsB",
          "version-id": "WiIRU3UP",
          "filename": "entityculling-forge-mc1.8.9-1.5.0.jar",
          "url": "https://cdn.modrinth.com/data/NNAgCjsB/versions/1.5.0-forge-1.8.9/entityculling-forge-mc1.8.9-1.5.0.jar",
          "hashes": {
            "sha512": "af587b299cdf0ac1cc2892fd2e52c715d36c9ecffddd1f7ce71426fc988eccc54eda70b6f66b114813ff521fcdd1e3e871f559139d23c3a1b87c11d5f795a931"
          }
        }
      }
    },
    {
      "path": "mods/foamfix.bun.json",
      "slug": "foamfix",
      "filename": "foamfix-0.6.3a-anarchy-1.8.x.jar",
      "provider": "modrinth",
      "project-id": "jupr7Bf5",
      "version-id": "MqLKfrk2",
      "sha512": "d66854ac4680e7b7677a8cc43588dbe01d29724a36c66cbfa0808a110f6d96377918e831606a765358cd7d6ead0b7363bd0c62cb3b0d7941697d328dee9fc7be",
      "sidecar-hash": "4487df135a8102450f28f25769154fef37ecf4946f8b4795f396b69729386774f4cc7b33a0b06c4e644bb3fede3582cde8d086091f88ccc5669ed4bd989482c2",
      "chosen": "modrinth",
      "providers": {
        "modrinth": {
          "project-id": "jupr7Bf5",
          "version-id": "MqLKfrk2",
          "filename": "foamfix-0.6.3a-anarchy-1.8.x.jar",
          "url": "https://cdn.modrinth.com/data/jupr7Bf5/versions/MqLKfrk2/foamfix-0.6.3a-anarchy-1.8.x.jar",
          "hashes": {
            "sha512": "d66854ac4680e7b7677a8cc43588dbe01d29724a36c66cbfa0808a110f6d96377918e831606a765358cd7d6ead0b7363bd0c62cb3b0d7941697d328dee9fc7be"
          }
        }
      }
    },
    {
      "path": "mods/idletweaks.bun.json",
      "slug": "idletweaks",
      "filename": "IdleTweaks-1.0.5.jar",
      "provider": "modrinth",
      "project-id": "Vnjlu1sC",
      "version-id": "mw52MRe6",
      "sha512": "a860161f1b727385b2e0d2e16ce0ba7c2c164345aefc5f6f82280213b0c1b0ed5d5832c1c7ee4996d983f0f61464f1c7c100855a587da54227f6778a0b307398",
      "sidecar-hash": "2fbd218f029b1bdfd5638c5e64d662c7c132d6b20212c820d16629299708cdc24936ec53ca33fa3ad26f1ffb3f1ce53840094741acc006f764ddca9fe5e6658b",
      "chosen": "modrinth",
      "providers": {
        "modrinth": {
          "project-id": "Vnjlu1sC",
          "version-id": "mw52MRe6",
          "filename": "IdleTweaks-1.0.5.jar",
          "url": "https://cdn.modrinth.com/data/Vnjlu1sC/versions/mw52MRe6/IdleTweaks-1.0.5.jar",
          "hashes": {
            "sha512": "a860161f1b727385b2e0d2e16ce0ba7c2c164345aefc5f6f82280213b0c1b0ed5d5832c1c7ee4996d983f0f61464f1c7c100855a587da54227f6778a0b307398"
          }
        }
      }
    },
    {
      "path": "mods/lwjgl3ify.bun.json",
      "slug": "lwjgl3ify",
      "filename": "lwjgl3ify-3.0.18.jar",
      "provider": "modrinth",
      "project-id": "eC4lt4Oy",
      "version-id": "4wPzY7v0",
      "sha512": "8708ad978916f6eaeb4ae20f2416d50d38865fee5fc59f54a573d66cd274b59eb1fd31a9e5f1565371cf8afeefcdfcaf84329815864da05180d2e92d1d5e69b8",
      "sidecar-hash": "b4973cd4b6f35804f40606881e60fa3b7985764dcc31168adba1a58796f4ae3aa28c0c8be3fb927e48ed92459629e4f5ec158b3a36b5d62a157693ff5f421d1e",
      "chosen": "modrinth",
      "providers": {
        "modrinth": {
          "project-id": "eC4lt4Oy",
          "version-id": "4wPzY7v0",
          "filename": "lwjgl3ify-3.0.18.jar",
          "url": "https://cdn.modrinth.com/data/eC4lt4Oy/versions/4wPzY7v0/lwjgl3ify-3.0.18.jar",
          "hashes": {
            "sha512": "8708ad978916f6eaeb4ae20f2416d50d38865fee5fc59f54a573d66cd274b59eb1fd31a9e5f1565371cf8afeefcdfcaf84329815864da05180d2e92d1d5e69b8"
          }
        }
      }
    },
    {
      "path": "mods/unimixins.bun.json",
      "slug": "unimixins",
      "filename": "+unimixins-all-1.7.10-0.3.0.jar",
      "provider": "modrinth",
      "project-id": "ghjoiQAl",
      "version-id": "BpPBBjZU",
      "sha512": "752f89025e72a32d33e22c57e90e1a720bb04f53274dd652dda18db805ff1d1657832518c0bf137cbed26d448ae019a5f424e0fe991d3c34157f38233ae224cd",
      "sidecar-hash": "167b93d7a4155ad775202dc34d9b3fa4837011a7bdee3659aec38b1dbad1b7ccde332f3d684c6e1f6be8a39cbbd2e014a1d99e1edebb5c84fa0c166b49ec1efd",
      "chosen": "modrinth",
      "providers": {
        "modrinth": {
          "project-id": "ghjoiQAl",
          "version-id": "BpPBBjZU",
          "filename": "+unimixins-all-1.7.10-0.3.0.jar",
          "url": "https://cdn.modrinth.com/data/ghjoiQAl/versions/BpPBBjZU/%2Bunimixins-all-1.7.10-0.3.0.jar",
          "hashes": {
            "sha512": "752f89025e72a32d33e22c57e90e1a720bb04f53274dd652dda18db805ff1d1657832518c0bf137cbed26d448ae019a5f424e0fe991d3c34157f38233ae224cd"
          }
        }
      }
    }
  ],
  "overlays": [
    {
      "file": "modlist.md",
      "hash": "816b228d86cf75f104ffa6202577fea0523f35704769838358076222bcb1e40ec68e6c94320287939b8ab43884a792a7a98b5f59356bc4e7c0aee6fdfa5b699e",
      "hash-format": "sha512"
    }
  ]
}
