{
  "version": 2,
  "pack-format": "bundle:29",
  "packages": [
    {
      "path": "mods/c2me-fabric.bun.json",
      "slug": "c2me-fabric",
      "filename": "c2me-fabric-mc1.20.4-0.2.0+alpha.11.72.jar",
      "provider": "modrinth",
      "project-id": "VSNURh3q",
      "version-id": "1AeveXNt",
      "sha512": "bcc67b816ed01d67b5230d66f408223eb5c6d72f9fd500dab7c007a627d338491e0f1af4ba2929d35089ac9e22c9bc3a8eac48770c7c9aa7c78d70e453892ed1",
      "sidecar-hash": "115920abbc2201ed572db1230ef608155639a16b3712a9ea66feb98b14d119c27c70fdfe9002f140d3c66722ba24e4aa15dc1a4c617ab244e2e7116de66187fc",
      "chosen": "modrinth",
      "providers": {
        "modrinth": {
          "project-id": "VSNURh3q",
          "version-id": "1AeveXNt",
          "filename": "c2me-fabric-mc1.20.4-0.2.0+alpha.11.72.jar",
          "url": "https://cdn.modrinth.com/data/VSNURh3q/versions/1AeveXNt/c2me-fabric-mc1.20.4-0.2.0%2Balpha.11.72.jar",
          "hashes": {
            "sha512": "bcc67b816ed01d67b5230d66f408223eb5c6d72f9fd500dab7c007a627d338491e0f1af4ba2929d35089ac9e22c9bc3a8eac48770c7c9aa7c78d70e453892ed1"
          }
        }
      }
    },
    {
      "path": "mods/ci-lce-ui.bun.json",
      "slug": "ci-lce-ui",
      "filename": "ci-lceui-0.3.0-1.20.4.jar",
      "provider": "modrinth",
      "project-id": "afmGxhh0",
      "version-id": "GW4xbzFq",
      "sha512": "044e558b1873f83f6e7f9b76abf411008b4ee14acc48344da0721c28838b8c9aaa671b13cd6c0033f5263edfb45f2ce874f5a3faca469ffd07a6eeb29c49259a",
      "sidecar-hash": "fffb35be20ef03514970514257b81d12d5e6c54c97cdef097d3ca9fbb3a2f70fe9daee30c0ca563c638d7ae7b2caaede9417bb17aaf5a20e76deb785f866eb07",
      "chosen": "modrinth",
      "providers": {
        "modrinth": {
          "project-id": "afmGxhh0",
          "version-id": "GW4xbzFq",
          "filename": "ci-lceui-0.3.0-1.20.4.jar",
          "url": "https://cdn.modrinth.com/data/afmGxhh0/versions/GW4xbzFq/ci-lceui-0.3.0-1.20.4.jar",
          "hashes": {
            "sha512": "044e558b1873f83f6e7f9b76abf411008b4ee14acc48344da0721c28838b8c9aaa671b13cd6c0033f5263edfb45f2ce874f5a3faca469ffd07a6eeb29c49259a"
          }
        }
      }
    },
    {
      "path": "mods/cloth-config.bun.json",
      "slug": "cloth-config",
      "filename": "cloth-config-13.0.138-fabric.jar",
      "provider": "modrinth",
      "project-id": "9s6osm5g",
      "version-id": "2deYQULk",
      "sha512": "3863fb95cc57526c6876cb60600f2e4282a5fa8d997d981e984da48f34be654cd0c5fc09e7d77079a393b2d7e3e48baabb756ad84ea58881b22ea771f43baa4a",
      "sidecar-hash": "ddea908678885506b898c79d37647b0881ebebb0ee559a9771d08e130d1c4cb4ec0099b3781cbaf579622f98ef89f378310479784a3580a476b5b76711d60ebd",
      "chosen": "modrinth",
      "providers": {
        "modrinth": {
          "project-id": "9s6osm5g",
          "version-id": "2deYQULk",
          "filename": "cloth-config-13.0.138-fabric.jar",
          "url": "https://cdn.modrinth.com/data/9s6osm5g/versions/2deYQULk/cloth-config-13.0.138-fabric.jar",
          "hashes": {
            "sha512": "3863fb95cc57526c6876cb60600f2e4282a5fa8d997d981e984da48f34be654cd0c5fc09e7d77079a393b2d7e3e48baabb756ad84ea58881b22ea771f43baa4a"
          }
        }
      }
    },
    {
      "path": "mods/controlify.bun.json",
      "slug": "controlify",
      "filename": "controlify-2.1.2+1.20.4-fabric.jar",
      "provider": "modrinth",
      "project-id": "DOUdJVEm",
      "version-id": "DitRRm5z",
      "sha512": "7024d15af84b6a64f57deb93798ebed814f99f5260d1c030883000e12acd06e511f3f25686d31f564fd64eeb60445cf97ef988133e3fd07464e694f538374f8a",
      "sidecar-hash": "96ee660fe3791dac8a65dcff6f6ad7adaab109e13772ee49fd51f6c39c61ae490b77ddb36780a8166fd36e503d0e3c1dcce800a500319400258ec34c97f93ae9",
      "chosen": "modrinth",
      "providers": {
        "modrinth": {
          "project-id": "DOUdJVEm",
          "version-id": "DitRRm5z",
          "filename": "controlify-2.1.2+1.20.4-fabric.jar",
          "url": "https://cdn.modrinth.com/data/DOUdJVEm/versions/DitRRm5z/controlify-2.1.2%2B1.20.4-fabric.jar",
          "hashes": {
            "sha512": "7024d15af84b6a64f57deb93798ebed814f99f5260d1c030883000e12acd06e511f3f25686d31f564fd64eeb60445cf97ef988133e3fd07464e694f538374f8a"
          }
        }
      }
    },
    {
      "path": "mods/cubes-without-borders.bun.json",
      "slug": "cubes-without-borders",
      "filename": "cwb-fabric-3.0.0+mc1.20.jar",
      "provider": "modrinth",
      "project-id": "ETlrkaYF",
      "version-id": "KpTt0KNS",
      "sha512": "cceb1a648c0465db1232a6a65ceefe4d04af54fdc909a40ee86ade2f2c743d5e96c55f73ab83f515dd53fa36095fe893d218ad56c51c53ad517e3b57441a5f2b",
      "sidecar-hash": "4c7763fe64a5d2eedcf52a5b76bdff29956d5a09414247a9267ff0f9ae64046d5a4686b2da50a3bae456280fc1710cb74e4c38e8f1435ff61210f0ed88885d48",
      "chosen": "modrinth",
      "providers": {
        "modrinth": {
          "project-id": "ETlrkaYF",
          "version-id": "KpTt0KNS",
          "filename": "cwb-fabric-3.0.0+mc1.20.jar",
          "url": "https://cdn.modrinth.com/data/ETlrkaYF/versions/KpTt0KNS/cwb-fabric-3.0.0%2Bmc1.20.jar",
          "hashes": {
            "sha512": "cceb1a648c0465db1232a6a65ceefe4d04af54fdc909a40ee86ade2f2c743d5e96c55f73ab83f515dd53fa36095fe893d218ad56c51c53ad517e3b57441a5f2b"
          }
        }
      }
    },
    {
      "path": "mods/custom-player-models.bun.json",
      "slug": "custom-player-models",
      "filename": "CustomPlayerModels-Fabric-1.20.4-0.6.27a.jar",
      "provider": "modrinth",
      "project-id": "h1E7sQNL",
      "version-id": "3kLPaGBM",
      "sha512": "4164638301bdd59c5f0d5db27c4eb1f022104db60de92571c77099250f2a90a4cc2771d3dfe72105dbae0ef11ebeba3c2fd0c0d9b7174468e78baa2ac8de9195",
      "sidecar-hash": "2cdee26160f8f9f939e11053aa44078f779a748a5ce7cec4549cf8c8b43ba08594df34a92dd8243792fdb0c442c5245657e0cedbecfe15e54a2521202d53c1d5",
      "chosen": "modrinth",
      "providers": {
        "modrinth": {
          "project-id": "h1E7sQNL",
          "version-id": "3kLPaGBM",
          "filename": "CustomPlayerModels-Fabric-1.20.4-0.6.27a.jar",
          "url": "https://cdn.modrinth.com/data/h1E7sQNL/versions/3kLPaGBM/CustomPlayerModels-Fabric-1.20.4-0.6.27a.jar",
          "hashes": {
            "sha512": "4164638301bdd59c5f0d5db27c4eb1f022104db60de92571c77099250f2a90a4cc2771d3dfe72105dbae0ef11ebeba3c2fd0c0d9b7174468e78baa2ac8de9195"
          }
        }
      }
    },
    {
      "path": "mods/dynamic-fps.bun.json",
      "slug": "dynamic-fps",
      "filename": "dynamic-fps-3.11.4+minecraft-1.20.2-fabric.jar",
      "provider": "modrinth",
      "project-id": "LQ3K71Q1",
      "version-id": "TBg9M5dN",
      "sha512": "91cada52f615f7cf81929fa093d297d814658dabdfa72217f3d00c77ea6d6f5cf87a68d87c033e15e0ec30b7bd3b8d17fc1b20f503f387799e6d455047a805ec",
      "sidecar-hash": "917f9d8f695dd3485da3e3fd133ad6fac34c12d326d101c24781b351161d71c8287707b32b2deaa5cb653ff8ddc0a791e611b001add893c59663031476c91cfb",
      "chosen": "modrinth",
      "providers": {
        "modrinth": {
          "project-id": "LQ3K71Q1",
          "version-id": "TBg9M5dN",
          "filename": "dynamic-fps-3.11.4+minecraft-1.20.2-fabric.jar",
          "url": "https://cdn.modrinth.com/data/LQ3K71Q1/versions/TBg9M5dN/dynamic-fps-3.11.4%2Bminecraft-1.20.2-fabric.jar",
          "hashes": {
            "sha512": "91cada52f615f7cf81929fa093d297d814658dabdfa72217f3d00c77ea6d6f5cf87a68d87c033e15e0ec30b7bd3b8d17fc1b20f503f387799e6d455047a805ec"
          }
        }
      }
    },
    {
      "path": "mods/ebe.bun.json",
      "slug": "ebe",
      "filename": "enhancedblockentities-0.10.1+1.20.4.jar",
      "provider": "modrinth",
      "project-id": "OVuFYfre",
      "version-id": "xUOoKrs2",
      "sha512": "36885e53d47764060a9fab5953f725c3fb82fa93285a6e5e01f44ffd4df105a9e2d9747ba15fe25462ce0b6909e99db447ef3ea5c0c1ea3a7007eec452adbb8f",
      "sidecar-hash": "6f50b186b3a124d2beb5ce23cd6e6198c9b30e249ca17a62a5448e38f4b38c5cb7632073bfbd391b7ff9edcd28a1ea6a74206dc66b7b8dc1e98398ced853efaf",
      "chosen": "modrinth",
      "providers": {
        "modrinth": {
          "project-id": "OVuFYfre",
          "version-id": "xUOoKrs2",
          "filename": "enhancedblockentities-0.10.1+1.20.4.jar",
          "url": "https://cdn.modrinth.com/data/OVuFYfre/versions/xUOoKrs2/enhancedblockentities-0.10.1%2B1.20.4.jar",
          "hashes": {
            "sha512": "36885e53d47764060a9fab5953f725c3fb82fa93285a6e5e01f44ffd4df105a9e2d9747ba15fe25462ce0b6909e99db447ef3ea5c0c1ea3a7007eec452adbb8f"
          }
        }
      }
    },
    {
      "path": "mods/entityculling.bun.json",
      "slug": "entityculling",
      "filename": "entityculling-fabric-1.10.5-mc1.20.4.jar",
      "provider": "modrinth",
      "project-id": "NNAgCjsB",
      "version-id": "XR5Rzf86",
      "sha512": "874198f9ea03e48c9a394623173f241afbb125ac379e90c01048383057246e757f3d5f5db3a41b089054f89d69d82fb7a118c0d0f6a9f9affd6621008df6dbbf",
      "sidecar-hash": "30abb7b916f628a6c3dcf0db7035766f5eeff4edb346e08b264b41a3c1e9780c13c648ea04ccd39fc54e6c0afb2dfc0ba87cc69dffd526c05d61f90b3b82b3fd",
      "chosen": "modrinth",
      "providers": {
        "modrinth": {
          "project-id": "NNAgCjsB",
          "version-id": "XR5Rzf86",
          "filename": "entityculling-fabric-1.10.5-mc1.20.4.jar",
          "url": "https://cdn.modrinth.com/data/NNAgCjsB/versions/XR5Rzf86/entityculling-fabric-1.10.5-mc1.20.4.jar",
          "hashes": {
            "sha512": "874198f9ea03e48c9a394623173f241afbb125ac379e90c01048383057246e757f3d5f5db3a41b089054f89d69d82fb7a118c0d0f6a9f9affd6621008df6dbbf"
          }
        }
      }
    },
    {
      "path": "mods/fabric-api.bun.json",
      "slug": "fabric-api",
      "filename": "fabric-api-0.97.3+1.20.4.jar",
      "provider": "modrinth",
      "project-id": "P7dR8mSH",
      "version-id": "BPX6fK06",
      "sha512": "ea1e47672a1e0fef7fa3fd7f7b396b5a8fb2c46e6ce33dbc4cc2b8d320bc7b775a0de42a478302419c8063c47fbc18bb2ad7551772f54af8059132ac2cb4f108",
      "sidecar-hash": "7c7eb5f43322adc7552f16f8bd7ac4e9ac8f52fbe7ec29fd7229b78b73c6b50b19faaf8f35db75928e1633ff1f499f999e0916f72310d498b1ed98d84e02a2b1",
      "chosen": "modrinth",
      "providers": {
        "modrinth": {
          "project-id": "P7dR8mSH",
          "version-id": "BPX6fK06",
          "filename": "fabric-api-0.97.3+1.20.4.jar",
          "url": "https://cdn.modrinth.com/data/P7dR8mSH/versions/BPX6fK06/fabric-api-0.97.3%2B1.20.4.jar",
          "hashes": {
            "sha512": "ea1e47672a1e0fef7fa3fd7f7b396b5a8fb2c46e6ce33dbc4cc2b8d320bc7b775a0de42a478302419c8063c47fbc18bb2ad7551772f54af8059132ac2cb4f108"
          }
        }
      }
    },
    {
      "path": "mods/fabric-language-kotlin.bun.json",
      "slug": "fabric-language-kotlin",
      "filename": "fabric-language-kotlin-1.13.13+kotlin.2.4.10.jar",
      "provider": "modrinth",
      "project-id": "Ha28R6CL",
      "version-id": "bdhiINYC",
      "sha512": "9a63c35a550b0362b7b25ff045d93709c7b0dae08c89076cba422813fdfb9e5f5dd021ed3afac9f82e74e95b88c249e8f68b240717151540ca3e88cc27fb9c77",
      "sidecar-hash": "8da0feecd9058666dd5eeec49ab32258cd841e3ef0a70edacc73f2df92204ccecf259efdba501f2d77b7637b6546cf1f8401160a024bd9ba27e0e86c84098638",
      "chosen": "modrinth",
      "providers": {
        "modrinth": {
          "project-id": "Ha28R6CL",
          "version-id": "bdhiINYC",
          "filename": "fabric-language-kotlin-1.13.13+kotlin.2.4.10.jar",
          "url": "https://cdn.modrinth.com/data/Ha28R6CL/versions/bdhiINYC/fabric-language-kotlin-1.13.13%2Bkotlin.2.4.10.jar",
          "hashes": {
            "sha512": "9a63c35a550b0362b7b25ff045d93709c7b0dae08c89076cba422813fdfb9e5f5dd021ed3afac9f82e74e95b88c249e8f68b240717151540ca3e88cc27fb9c77"
          }
        }
      }
    },
    {
      "path": "mods/ferrite-core.bun.json",
      "slug": "ferrite-core",
      "filename": "ferritecore-6.0.3-fabric.jar",
      "provider": "modrinth",
      "project-id": "uXXizFIs",
      "version-id": "pguEMpy9",
      "sha512": "709ab6362dd1dcc432edd1e6c33aafba6f2d12be701bc14911107340f8ac2466779c4e57d8a303f0350c46478f23008e6eeca78e4eadedd0bdee63d4ae72ed9a",
      "sidecar-hash": "d3358de185e636f659f40a6c7753487c77adc967f10f1add987f5f2d2176986d6da6a7bc83e2e729601d4c6b666b32bf7840175b6aa37af4e0a88ac65edad9a8",
      "chosen": "modrinth",
      "providers": {
        "modrinth": {
          "project-id": "uXXizFIs",
          "version-id": "pguEMpy9",
          "filename": "ferritecore-6.0.3-fabric.jar",
          "url": "https://cdn.modrinth.com/data/uXXizFIs/versions/pguEMpy9/ferritecore-6.0.3-fabric.jar",
          "hashes": {
            "sha512": "709ab6362dd1dcc432edd1e6c33aafba6f2d12be701bc14911107340f8ac2466779c4e57d8a303f0350c46478f23008e6eeca78e4eadedd0bdee63d4ae72ed9a"
          }
        }
      }
    },
    {
      "path": "mods/figura.bun.json",
      "slug": "figura",
      "filename": "figura-0.1.6+1.20.4-fabric-mc.jar",
      "provider": "modrinth",
      "project-id": "s9gIPDom",
      "version-id": "Uh8uCPao",
      "sha512": "cb6fca0a0e8cd702adad72575f444d8303ae9d39d87ed33c4f94311b6cc971b24c50dd49e296c02d31dca5d550591a072d12885a2b1c5c922cc7df6b0049e085",
      "sidecar-hash": "34610a15fed9f77e7542be64f858c5018e559dc69144a305f1047cda09a6f6273a4a88d585b70f73efd944bb52360f85ada3ea8b31945931723a6846c868f072",
      "chosen": "modrinth",
      "providers": {
        "modrinth": {
          "project-id": "s9gIPDom",
          "version-id": "Uh8uCPao",
          "filename": "figura-0.1.6+1.20.4-fabric-mc.jar",
          "url": "https://cdn.modrinth.com/data/s9gIPDom/versions/Uh8uCPao/figura-0.1.6%2B1.20.4-fabric-mc.jar",
          "hashes": {
            "sha512": "cb6fca0a0e8cd702adad72575f444d8303ae9d39d87ed33c4f94311b6cc971b24c50dd49e296c02d31dca5d550591a072d12885a2b1c5c922cc7df6b0049e085"
          }
        }
      }
    },
    {
      "path": "mods/immediatelyfast.bun.json",
      "slug": "immediatelyfast",
      "filename": "ImmediatelyFast-Fabric-1.5.5+1.20.4.jar",
      "provider": "modrinth",
      "project-id": "5ZwdcRci",
      "version-id": "iwYUrQJO",
      "sha512": "8733e4f1fcd64581979f93f2580ae9f530e64ba21e90b2a46d4c1bdcb802e5a53a49a160e4dae06ec9e4d7829ea34715c9c9e1c2bfd7238b4de7fccfbc482ffd",
      "sidecar-hash": "45d88860e115a562d988b8284ec241a4c7654c22674216970e65234f0e658aa831a099b58afdd6364ba0507d6b5a0388ea23b71096db53be94e78537003b8a60",
      "chosen": "modrinth",
      "providers": {
        "modrinth": {
          "project-id": "5ZwdcRci",
          "version-id": "iwYUrQJO",
          "filename": "ImmediatelyFast-Fabric-1.5.5+1.20.4.jar",
          "url": "https://cdn.modrinth.com/data/5ZwdcRci/versions/iwYUrQJO/ImmediatelyFast-Fabric-1.5.5%2B1.20.4.jar",
          "hashes": {
            "sha512": "8733e4f1fcd64581979f93f2580ae9f530e64ba21e90b2a46d4c1bdcb802e5a53a49a160e4dae06ec9e4d7829ea34715c9c9e1c2bfd7238b4de7fccfbc482ffd"
          }
        }
      }
    },
    {
      "path": "mods/indium.bun.json",
      "slug": "indium",
      "filename": "indium-1.0.31+mc1.20.4.jar",
      "provider": "modrinth",
      "project-id": "Orvt0mRa",
      "version-id": "VlLxDisa",
      "sha512": "27b4a73ca990742e27eee4348553c86c96c19fddcd0763892029f67ddbde42dc03c0ac21230403ae6b4ce4da315d0d49f582d3daab413b9ea84fd6d172ee7c4f",
      "sidecar-hash": "f0034737207ea2f575ae41bd3224265cdd684e0ceefcfbc0ee2d3f9bb7768e96b9baa63ad0e00037a870de91fa0df6bf50c4d8c967c141828ce269d195ab454b",
      "chosen": "modrinth",
      "providers": {
        "modrinth": {
          "project-id": "Orvt0mRa",
          "version-id": "VlLxDisa",
          "filename": "indium-1.0.31+mc1.20.4.jar",
          "url": "https://cdn.modrinth.com/data/Orvt0mRa/versions/VlLxDisa/indium-1.0.31%2Bmc1.20.4.jar",
          "hashes": {
            "sha512": "27b4a73ca990742e27eee4348553c86c96c19fddcd0763892029f67ddbde42dc03c0ac21230403ae6b4ce4da315d0d49f582d3daab413b9ea84fd6d172ee7c4f"
          }
        }
      }
    },
    {
      "path": "mods/ixeris.bun.json",
      "slug": "ixeris",
      "filename": "Ixeris-4.5.2+1.20.4-fabric.jar",
      "provider": "modrinth",
      "project-id": "p8RJPJIC",
      "version-id": "apvlL6ok",
      "sha512": "07d94173b1eb56d03658d5e6220ed7f727bb1c63f84aec9fbbf6eb7d0e805a7639720b60174eb322ba5e9083cbdc8aef8121add05713c43e15d35b10acc33549",
      "sidecar-hash": "1540ef4ab99bc65f1bef3781c51d4349128fc81ac7fbf3959541e9c75ad879e53edef2a8fa81e448ba73382eeb6c0166a3e34bb3e68e48ffb42c56fe07f52ba2",
      "chosen": "modrinth",
      "providers": {
        "modrinth": {
          "project-id": "p8RJPJIC",
          "version-id": "apvlL6ok",
          "filename": "Ixeris-4.5.2+1.20.4-fabric.jar",
          "url": "https://cdn.modrinth.com/data/p8RJPJIC/versions/apvlL6ok/Ixeris-4.5.2%2B1.20.4-fabric.jar",
          "hashes": {
            "sha1": "f87a0d8ff980db57d85b248ea978226bbe704d55",
            "sha512": "07d94173b1eb56d03658d5e6220ed7f727bb1c63f84aec9fbbf6eb7d0e805a7639720b60174eb322ba5e9083cbdc8aef8121add05713c43e15d35b10acc33549"
          },
          "size": 723331
        }
      }
    },
    {
      "path": "mods/jasione.bun.json",
      "slug": "jasione",
      "filename": "jasione-1.0.6+1.20.1-fabric.jar",
      "provider": "modrinth",
      "project-id": "qlDkBPij",
      "version-id": "yuWRZeHN",
      "sha512": "2bc474c4d2d860f3c10fec08184215d601a0e13b66d23ed1bdd2fc77db5758965a6acdcdcb8e3de7fe114de9da7fad0db542ae9ddd34c942b00d84cea2c1ac4d",
      "sidecar-hash": "00b17ac9e9dc7a8f944e6b06caebfef3d9f23aa79774abdc81b30526f4291d1142eb952b036c33a96196298fa7bdbb2ce6e4c00885f884325dd37a80521cd261",
      "chosen": "modrinth",
      "providers": {
        "modrinth": {
          "project-id": "qlDkBPij",
          "version-id": "yuWRZeHN",
          "filename": "jasione-1.0.6+1.20.1-fabric.jar",
          "url": "https://cdn.modrinth.com/data/qlDkBPij/versions/yuWRZeHN/jasione-1.0.6%2B1.20.1-fabric.jar",
          "hashes": {
            "sha1": "49f51ff5c130ccdc950beb31292f99ca5307e70b",
            "sha512": "2bc474c4d2d860f3c10fec08184215d601a0e13b66d23ed1bdd2fc77db5758965a6acdcdcb8e3de7fe114de9da7fad0db542ae9ddd34c942b00d84cea2c1ac4d"
          },
          "size": 760101
        }
      }
    },
    {
      "path": "mods/lemclienthelper.bun.json",
      "slug": "lemclienthelper",
      "filename": "lemclienthelper-0.0.28-1.20.4.jar",
      "provider": "modrinth",
      "project-id": "7aopnLji",
      "version-id": "cvn0lJ6B",
      "sha512": "399e206e2d5b7b168154d6f8953c3333c6b2c7e62c1532fdb83bf32d88cadb29326ffc9f1aeb2d5971d015a4f9d3f968203fbe6a65b23adef94507ffa955969c",
      "sidecar-hash": "2a333b079bf43aee192d13484345790bd4cc0b076c8e523732c79208204c0576efea488df2e5bc29889d775d3ca8b9d166d26c127de6da0899f10a313223bdbd",
      "chosen": "modrinth",
      "providers": {
        "modrinth": {
          "project-id": "7aopnLji",
          "version-id": "cvn0lJ6B",
          "filename": "lemclienthelper-0.0.28-1.20.4.jar",
          "url": "https://cdn.modrinth.com/data/7aopnLji/versions/cvn0lJ6B/lemclienthelper-0.0.28-1.20.4.jar",
          "hashes": {
            "sha512": "399e206e2d5b7b168154d6f8953c3333c6b2c7e62c1532fdb83bf32d88cadb29326ffc9f1aeb2d5971d015a4f9d3f968203fbe6a65b23adef94507ffa955969c"
          }
        }
      }
    },
    {
      "path": "mods/lithium.bun.json",
      "slug": "lithium",
      "filename": "lithium-fabric-mc1.20.4-0.12.1.jar",
      "provider": "modrinth",
      "project-id": "gvQqBUqZ",
      "version-id": "nMhjKWVE",
      "sha512": "70bea154eaafb2e4b5cb755cdb12c55d50f9296ab4c2855399da548f72d6d24c0a9f77e3da2b2ea5f47fa91d1258df4d08c6c6f24a25da887ed71cea93502508",
      "sidecar-hash": "e8ffe07bb77e30d4d4b7d0c337f9d107dcef7d0ef6173bafd0da5115c7b5f1df4662c130f8b9e7e5dac8e4023a2f6de0568fe755dfe35a28bb4afb66866dec11",
      "chosen": "modrinth",
      "providers": {
        "modrinth": {
          "project-id": "gvQqBUqZ",
          "version-id": "nMhjKWVE",
          "filename": "lithium-fabric-mc1.20.4-0.12.1.jar",
          "url": "https://cdn.modrinth.com/data/gvQqBUqZ/versions/nMhjKWVE/lithium-fabric-mc1.20.4-0.12.1.jar",
          "hashes": {
            "sha512": "70bea154eaafb2e4b5cb755cdb12c55d50f9296ab4c2855399da548f72d6d24c0a9f77e3da2b2ea5f47fa91d1258df4d08c6c6f24a25da887ed71cea93502508"
          }
        }
      }
    },
    {
      "path": "mods/modelfix.bun.json",
      "slug": "modelfix",
      "filename": "modelfix-1.14-fabric.jar",
      "provider": "modrinth",
      "project-id": "QdG47OkI",
      "version-id": "r6uVoUxU",
      "sha512": "892fcccb853e097c3bc11b7205ccd7e99432a6eefee0a6803432d2aa91411eaf0ade9efbd301f5b6991e9efa265cacf67f67518181c3bd2e1ab178e76a4b18c9",
      "sidecar-hash": "50c563697e7d28389cffa336da8bf12f06bf845a13c81f71004e0c6aa983aedf062b3dd926b7779e0b40b6ffdf43d653fac5a6b7a9665a557f67edef8fa865f7",
      "chosen": "modrinth",
      "providers": {
        "modrinth": {
          "project-id": "QdG47OkI",
          "version-id": "r6uVoUxU",
          "filename": "modelfix-1.14-fabric.jar",
          "url": "https://cdn.modrinth.com/data/QdG47OkI/versions/r6uVoUxU/modelfix-1.14-fabric.jar",
          "hashes": {
            "sha512": "892fcccb853e097c3bc11b7205ccd7e99432a6eefee0a6803432d2aa91411eaf0ade9efbd301f5b6991e9efa265cacf67f67518181c3bd2e1ab178e76a4b18c9"
          }
        }
      }
    },
    {
      "path": "mods/modernfix.bun.json",
      "slug": "modernfix",
      "filename": "modernfix-fabric-5.17.0+mc1.20.4.jar",
      "provider": "modrinth",
      "project-id": "nmDcB62a",
      "version-id": "CV2Vtn5m",
      "sha512": "8404bc285100746ac76467094b2b4feb132e046272780c4c8a6d4bd4336fad70073734438e9f37bf7e46ffa65dbf2f06ab10232b09c3911c08215dfcf71fca0e",
      "sidecar-hash": "d8c249568dd6ae3a5c79e6c03fb286f919e215e85a8714f9ebb59305c2dba7bbf3aa00c7a074f477cb0d5e35f93ae83e0e318492a3b95ecd86370028b3d7b3f3",
      "chosen": "modrinth",
      "providers": {
        "modrinth": {
          "project-id": "nmDcB62a",
          "version-id": "CV2Vtn5m",
          "filename": "modernfix-fabric-5.17.0+mc1.20.4.jar",
          "url": "https://cdn.modrinth.com/data/nmDcB62a/versions/CV2Vtn5m/modernfix-fabric-5.17.0%2Bmc1.20.4.jar",
          "hashes": {
            "sha512": "8404bc285100746ac76467094b2b4feb132e046272780c4c8a6d4bd4336fad70073734438e9f37bf7e46ffa65dbf2f06ab10232b09c3911c08215dfcf71fca0e"
          }
        }
      }
    },
    {
      "path": "mods/moreculling.bun.json",
      "slug": "moreculling",
      "filename": "moreculling-1.20.4-0.24.0.jar",
      "provider": "modrinth",
      "project-id": "51shyZVL",
      "version-id": "3m5znPWm",
      "sha512": "3a8accedfa48ce86b4091ce7994d63b2c7d1f6654119a5dc8430bd7370084bf04801c71600bb2b1546a58aef972797048f86eebbff2a666905a86c2b1cf7632e",
      "sidecar-hash": "d0c28946355e94b7e4e129dcd95ba1ce1868fa1e827acbeea943f71795d66bbf6be085fb8ab7ab75f09a85135225a9697a8170886557e82a809d9a96fe6f3cdd",
      "chosen": "modrinth",
      "providers": {
        "modrinth": {
          "project-id": "51shyZVL",
          "version-id": "3m5znPWm",
          "filename": "moreculling-1.20.4-0.24.0.jar",
          "url": "https://cdn.modrinth.com/data/51shyZVL/versions/3m5znPWm/moreculling-1.20.4-0.24.0.jar",
          "hashes": {
            "sha512": "3a8accedfa48ce86b4091ce7994d63b2c7d1f6654119a5dc8430bd7370084bf04801c71600bb2b1546a58aef972797048f86eebbff2a666905a86c2b1cf7632e"
          }
        }
      }
    },
    {
      "path": "mods/particle-core.bun.json",
      "slug": "particle-core",
      "filename": "particle_core-0.2.5+1.20.4.jar",
      "provider": "modrinth",
      "project-id": "RSeLon5O",
      "version-id": "r47BJu0V",
      "sha512": "f40d992ee4ec9a2cc0d70e43915327179d9ae21b7adbc0db66101c167ff8a6d68e4f7046a2a59e9f8715dd68cdb84fd7fb47381d0028954b7e7d657b43a8d91b",
      "sidecar-hash": "8c32e90d31fda38566db1a0b6c3da07a94efa570fa572710d8bd1e297b39d0b1d7a208b10152f275ec322c5f8e210a5501da0a41e6e00a66b00764b8ae675da9",
      "chosen": "modrinth",
      "providers": {
        "modrinth": {
          "project-id": "RSeLon5O",
          "version-id": "r47BJu0V",
          "filename": "particle_core-0.2.5+1.20.4.jar",
          "url": "https://cdn.modrinth.com/data/RSeLon5O/versions/r47BJu0V/particle_core-0.2.5%2B1.20.4.jar",
          "hashes": {
            "sha1": "1fa6361dd77189bcd4f301f52dafba0ee6d7a7c9",
            "sha512": "f40d992ee4ec9a2cc0d70e43915327179d9ae21b7adbc0db66101c167ff8a6d68e4f7046a2a59e9f8715dd68cdb84fd7fb47381d0028954b7e7d657b43a8d91b"
          },
          "size": 94845
        }
      }
    },
    {
      "path": "mods/sodium.bun.json",
      "slug": "sodium",
      "filename": "sodium-fabric-0.5.8+mc1.20.4.jar",
      "provider": "modrinth",
      "project-id": "AANobbMI",
      "version-id": "4GyXKCLd",
      "sha512": "bd00b956bde1205171e744a6a3780e835fb6928eb667fb2b56467818c979fb1e8c82561380a71a7dbfa1516cd4b6cf9087ca99f1ae066da6d65af2c828b8d554",
      "sidecar-hash": "1280b7ad4e250b69d5a2a42258fb49b3f51e898a5f52b91facef5ccfb53b99fd284e15e0ef1f6880c7f01b34f56c6cc360d344110f14b9aaf0be26ea3a80099a",
      "chosen": "modrinth",
      "providers": {
        "modrinth": {
          "project-id": "AANobbMI",
          "version-id": "4GyXKCLd",
          "filename": "sodium-fabric-0.5.8+mc1.20.4.jar",
          "url": "https://cdn.modrinth.com/data/AANobbMI/versions/4GyXKCLd/sodium-fabric-0.5.8%2Bmc1.20.4.jar",
          "hashes": {
            "sha512": "bd00b956bde1205171e744a6a3780e835fb6928eb667fb2b56467818c979fb1e8c82561380a71a7dbfa1516cd4b6cf9087ca99f1ae066da6d65af2c828b8d554"
          }
        }
      }
    },
    {
      "path": "mods/yacl.bun.json",
      "slug": "yacl",
      "filename": "yet_another_config_lib_v3-3.6.6+1.20.4-fabric.jar",
      "provider": "modrinth",
      "project-id": "1eAoo2KR",
      "version-id": "xBXboBnE",
      "sha512": "ea5af6c6a95a2c62070b87822d87ad835daae655886f8886a20f71e5b838687c56f06df0d9ba6ab3f5c69c2c1699e1a2400bc8079a6d4d37442d2f4daa696eb1",
      "sidecar-hash": "58c39a78e92908f65817585fc83f46be659eb4369b3d9f4fbd0e47d4345433a326d8faa31fe729d4149ac23ec7b304fb0888c74310c1a53cde1726666cab9520",
      "chosen": "modrinth",
      "providers": {
        "modrinth": {
          "project-id": "1eAoo2KR",
          "version-id": "xBXboBnE",
          "filename": "yet_another_config_lib_v3-3.6.6+1.20.4-fabric.jar",
          "url": "https://cdn.modrinth.com/data/1eAoo2KR/versions/xBXboBnE/yet_another_config_lib_v3-3.6.6%2B1.20.4-fabric.jar",
          "hashes": {
            "sha512": "ea5af6c6a95a2c62070b87822d87ad835daae655886f8886a20f71e5b838687c56f06df0d9ba6ab3f5c69c2c1699e1a2400bc8079a6d4d37442d2f4daa696eb1"
          }
        }
      }
    },
    {
      "path": "mods/zoomify.bun.json",
      "slug": "zoomify",
      "filename": "zoomify-2.15.2+1.20.4.jar",
      "provider": "modrinth",
      "project-id": "w7ThoJFB",
      "version-id": "eM4pcNnS",
      "sha512": "4feb60f2e1065330b2c11a47864f84465bbf56112647cb96108cc8b701ab24cbb5280cf414704557675cebb9f821f81ab363f580a171e53f994b65f38f28bb74",
      "sidecar-hash": "4a2e04c90c16eec8dafd4105f588f716262257792bc13f8c1dca06cbed8f94c3d48919cf5b878bba3e74a0adc3ffe7db61bcf4d7d51e971ea08e767639f4027f",
      "chosen": "modrinth",
      "providers": {
        "modrinth": {
          "project-id": "w7ThoJFB",
          "version-id": "eM4pcNnS",
          "filename": "zoomify-2.15.2+1.20.4.jar",
          "url": "https://cdn.modrinth.com/data/w7ThoJFB/versions/eM4pcNnS/zoomify-2.15.2%2B1.20.4.jar",
          "hashes": {
            "sha512": "4feb60f2e1065330b2c11a47864f84465bbf56112647cb96108cc8b701ab24cbb5280cf414704557675cebb9f821f81ab363f580a171e53f994b65f38f28bb74"
          }
        }
      }
    }
  ],
  "overlays": [
    {
      "file": "modlist.md",
      "hash": "8f7b8586428813ff934754e337108a3372c2dee156243f362818195fa1bbeec5c89eeba770f32e1981017b2f338fb3e9636e0818f41f677abe34bab37a9cdfb9",
      "hash-format": "sha512"
    }
  ]
}
