{
  "version": 2,
  "pack-format": "bundle:29",
  "packages": [
    {
      "path": "mods/asynclogger.bun.json",
      "slug": "asynclogger",
      "filename": "asynclogger-2.2.1+26.1.2-fabric.jar",
      "provider": "modrinth",
      "project-id": "zvNzKfGF",
      "version-id": "MiNRI6LE",
      "sha512": "959b0d8dda88bc0200a5b4c48f77d42dfde99ed974e7dc8170e766930c32bd2ad52033ebd74da46a6bd2a04aa795b64921fb67c92fe88c4528c4c90e26d75406",
      "sidecar-hash": "661ec38bbd36a17fb62e2852b916327d5d991b2e80553e87e73d8f0109b1d29f1b03f35527bd8b9c75b6fc64113b509467966b170a68e5c5a6c757178487204b",
      "chosen": "modrinth",
      "providers": {
        "modrinth": {
          "project-id": "zvNzKfGF",
          "version-id": "MiNRI6LE",
          "filename": "asynclogger-2.2.1+26.1.2-fabric.jar",
          "url": "https://cdn.modrinth.com/data/zvNzKfGF/versions/MiNRI6LE/asynclogger-2.2.1%2B26.1.2-fabric.jar",
          "hashes": {
            "sha1": "e5efc67b67907cbd157e6895a81bc7555c24f5cf",
            "sha512": "959b0d8dda88bc0200a5b4c48f77d42dfde99ed974e7dc8170e766930c32bd2ad52033ebd74da46a6bd2a04aa795b64921fb67c92fe88c4528c4c90e26d75406"
          },
          "size": 584144
        }
      }
    },
    {
      "path": "mods/asyncparticles.bun.json",
      "slug": "asyncparticles",
      "filename": "AsyncParticles-26.2.2.1+26.2.jar",
      "provider": "modrinth",
      "project-id": "c3onkd5k",
      "version-id": "2A6ESaeL",
      "sha512": "7877dc2ebe890e1f68275fea3655cb0180b2a0589eb4151ab09ea882656e958dbf56e72f7cf380493f35b7a2d24b1b488ad4504466bb0764671c4a935cceda94",
      "sidecar-hash": "9250eb21c9e7b95e2d15cf9d2b9db36b1f93da236f9c0773b9f87f02a6d8ea18477b4bde50219300d299f4c6abc8c9c1fc97d0e14e080a48b885268156125b39",
      "chosen": "modrinth",
      "providers": {
        "modrinth": {
          "project-id": "c3onkd5k",
          "version-id": "2A6ESaeL",
          "filename": "AsyncParticles-26.2.2.1+26.2.jar",
          "url": "https://cdn.modrinth.com/data/c3onkd5k/versions/2A6ESaeL/AsyncParticles-26.2.2.1%2B26.2.jar",
          "hashes": {
            "sha1": "21235696936e47ce68abcbb29874c8737b8605c3",
            "sha512": "7877dc2ebe890e1f68275fea3655cb0180b2a0589eb4151ab09ea882656e958dbf56e72f7cf380493f35b7a2d24b1b488ad4504466bb0764671c4a935cceda94"
          },
          "size": 639906
        }
      }
    },
    {
      "path": "mods/badoptimizations.bun.json",
      "slug": "badoptimizations",
      "filename": "BadOptimizations-2.4.1-26.2-fabric.jar",
      "provider": "modrinth",
      "project-id": "g96Z4WVZ",
      "version-id": "JmPs4Wie",
      "sha512": "f91c409d4ce68d027ac0a11b6d2828c5f6d057e749ff0ce596f3a84a65fc1e3905b08f4d97a21a7302e2bfaf4ff865907272bd9c7ffa8487701b22e40dfe2f97",
      "sidecar-hash": "9334663f3d003ccdc64820657fecfc0614412546f1afcd3b3daa1a6d8a57348920bab412aba8516ddad387bdd1440d70f8eb4e13830b97e59b8353af25df5a78",
      "chosen": "modrinth",
      "providers": {
        "modrinth": {
          "project-id": "g96Z4WVZ",
          "version-id": "JmPs4Wie",
          "filename": "BadOptimizations-2.4.1-26.2-fabric.jar",
          "url": "https://cdn.modrinth.com/data/g96Z4WVZ/versions/JmPs4Wie/BadOptimizations-2.4.1-26.2-fabric.jar",
          "hashes": {
            "sha512": "f91c409d4ce68d027ac0a11b6d2828c5f6d057e749ff0ce596f3a84a65fc1e3905b08f4d97a21a7302e2bfaf4ff865907272bd9c7ffa8487701b22e40dfe2f97"
          }
        }
      }
    },
    {
      "path": "mods/better-block-entities.bun.json",
      "slug": "better-block-entities",
      "filename": "bbe-fabric-1.3.8-beta.1+mc26.2.jar",
      "provider": "modrinth",
      "project-id": "ONZm0H7Y",
      "version-id": "Sr2VjbpG",
      "sha512": "c8b41ee9b3eac297d4e699cfb9b042bbc5895cc9e8fca2c1998743e4a59503ac079b5694704337a1d296e5ac3d418220649d6a50a740b15f21559eb7727b257c",
      "sidecar-hash": "111875558a9bf31dafa14e609a701ecfebf364bc33dc5f0e5230823dc08cd2fbf66bbb4de4aba66b6c9a2c10750da75867854ae2279cdc5958c78500cfa75235",
      "chosen": "modrinth",
      "providers": {
        "modrinth": {
          "project-id": "ONZm0H7Y",
          "version-id": "Sr2VjbpG",
          "filename": "bbe-fabric-1.3.8-beta.1+mc26.2.jar",
          "url": "https://cdn.modrinth.com/data/ONZm0H7Y/versions/Sr2VjbpG/bbe-fabric-1.3.8-beta.1%2Bmc26.2.jar",
          "hashes": {
            "sha512": "c8b41ee9b3eac297d4e699cfb9b042bbc5895cc9e8fca2c1998743e4a59503ac079b5694704337a1d296e5ac3d418220649d6a50a740b15f21559eb7727b257c"
          }
        }
      }
    },
    {
      "path": "mods/c2me-fabric.bun.json",
      "slug": "c2me-fabric",
      "filename": "c2me-fabric-mc26.2-0.4.2-alpha.0.35.jar",
      "provider": "modrinth",
      "project-id": "VSNURh3q",
      "version-id": "HBLtzvqv",
      "sha512": "078618f4e45367ae416000a5930e3a13dced5e71eb82102e614c0e8e03d1b84d8d8efcbebc7d5e88d5a4a71ad6d64b1fd5ef3a1171a56001566b33afbad9a504",
      "sidecar-hash": "4858f645f2b4005c37baad80fdba44ac84376997c505bf371f687b7fc473964d740f8afef0c93f31f53f92c0f2cb846268a326c51ad203930228fe25e78390f6",
      "chosen": "modrinth",
      "providers": {
        "modrinth": {
          "project-id": "VSNURh3q",
          "version-id": "HBLtzvqv",
          "filename": "c2me-fabric-mc26.2-0.4.2-alpha.0.35.jar",
          "url": "https://cdn.modrinth.com/data/VSNURh3q/versions/HBLtzvqv/c2me-fabric-mc26.2-0.4.2-alpha.0.35.jar",
          "hashes": {
            "sha1": "925adccbe5fe6c5496410fdb007e2c6ca2b20511",
            "sha512": "078618f4e45367ae416000a5930e3a13dced5e71eb82102e614c0e8e03d1b84d8d8efcbebc7d5e88d5a4a71ad6d64b1fd5ef3a1171a56001566b33afbad9a504"
          },
          "size": 3790215
        }
      }
    },
    {
      "path": "mods/c2me-ocl.bun.json",
      "slug": "c2me-ocl",
      "filename": "c2me-fabric-opts-accel-opencl-mc26.2-0.4.2-alpha.0.35.jar",
      "provider": "modrinth",
      "project-id": "qtPMklut",
      "version-id": "UKshQusQ",
      "sha512": "419b299e7b6c352e9be476903a52082dda544b2dc4be6d50dc3cf90508fe980c5ac80c3e8c8354bd5109fd689815749bf10d3ec73bc05b842efc3860ea1ef139",
      "sidecar-hash": "7a169a5141d43e8aa96acdfd666ff81f8320dabd8fa9865e7314dbaf5b87ef96ea4e5a0ba07e37515338700c316c685f5cf65bbea2cf902f6cada04e3e701873",
      "chosen": "modrinth",
      "providers": {
        "modrinth": {
          "project-id": "qtPMklut",
          "version-id": "UKshQusQ",
          "filename": "c2me-fabric-opts-accel-opencl-mc26.2-0.4.2-alpha.0.35.jar",
          "url": "https://cdn.modrinth.com/data/qtPMklut/versions/UKshQusQ/c2me-fabric-opts-accel-opencl-mc26.2-0.4.2-alpha.0.35.jar",
          "hashes": {
            "sha1": "cc2c8d297afd8b9ec11e5fbd3f377ffdde1a3fda",
            "sha512": "419b299e7b6c352e9be476903a52082dda544b2dc4be6d50dc3cf90508fe980c5ac80c3e8c8354bd5109fd689815749bf10d3ec73bc05b842efc3860ea1ef139"
          },
          "size": 3121868
        }
      }
    },
    {
      "path": "mods/cloth-config.bun.json",
      "slug": "cloth-config",
      "filename": "cloth-config-26.2.155.jar",
      "provider": "modrinth",
      "project-id": "9s6osm5g",
      "version-id": "Nv3xnWXd",
      "sha512": "37b1e402f0df5a383656e21a38ee18cdd15cb4ba3fb62fbeba82ef4b959a4479fc32718ac0d9d154a7d9104c5f7315bfa67dbeced0b8ff240b8039d4848d5df1",
      "sidecar-hash": "f3e886d6b8403861a067ef057575c4050e3d90adfd9aa082c782a971565aa9ae49d07efbb2871df596e424b4e57f04486e83e996f87c17f615e6c1b5699d1c4b",
      "chosen": "modrinth",
      "providers": {
        "modrinth": {
          "project-id": "9s6osm5g",
          "version-id": "Nv3xnWXd",
          "filename": "cloth-config-26.2.155.jar",
          "url": "https://cdn.modrinth.com/data/9s6osm5g/versions/Nv3xnWXd/cloth-config-26.2.155.jar",
          "hashes": {
            "sha512": "37b1e402f0df5a383656e21a38ee18cdd15cb4ba3fb62fbeba82ef4b959a4479fc32718ac0d9d154a7d9104c5f7315bfa67dbeced0b8ff240b8039d4848d5df1"
          }
        }
      }
    },
    {
      "path": "mods/configmanager.bun.json",
      "slug": "configmanager",
      "filename": "ConfigManager-fabric-26.1_26.2-1.1.3.jar",
      "provider": "modrinth",
      "project-id": "jlNms3Jp",
      "version-id": "W4C08wBC",
      "sha512": "bfa70defff2530780f0f0aa0de1845dc256d9cab244123e4847a6b24db1f812c47585ed1ddc80b2de91671aada421027b72d44e8b748e2a70ae405af54d94de0",
      "sidecar-hash": "a3663414c178c5b53a66e6500686e8d1dc1604bb2c028b7037ed95d68d7b38b8e372d2574f9e6a0811476bba1116c601b8986f8afb466d09f83795e536b0eb5f",
      "chosen": "modrinth",
      "providers": {
        "modrinth": {
          "project-id": "jlNms3Jp",
          "version-id": "W4C08wBC",
          "filename": "ConfigManager-fabric-26.1_26.2-1.1.3.jar",
          "url": "https://cdn.modrinth.com/data/jlNms3Jp/versions/W4C08wBC/ConfigManager-fabric-26.1_26.2-1.1.3.jar",
          "hashes": {
            "sha512": "bfa70defff2530780f0f0aa0de1845dc256d9cab244123e4847a6b24db1f812c47585ed1ddc80b2de91671aada421027b72d44e8b748e2a70ae405af54d94de0"
          }
        }
      }
    },
    {
      "path": "mods/cull-fewer-leaves.bun.json",
      "slug": "cull-fewer-leaves",
      "filename": "cull-fewer-leaves-1.1.2+26.1-fabric.jar",
      "provider": "modrinth",
      "project-id": "alhWWxax",
      "version-id": "jIEsEM7M",
      "sha512": "80e1763a3e0f2746aaa27da4d20837f62f5bea22fff326a6b7cecff43923ba1de91c6c5d4d8e5125bc263f35464cc858b556aa8ce8f1118e612677341d96d5d2",
      "sidecar-hash": "ab8512671e9160284a8ce9fb15ce584f97d66eb934b17f8df1dfec4805b68e7012487f4805534fabd05cd6ba55c8b19d12dbe23f2006350b99555a342a384b69",
      "chosen": "modrinth",
      "providers": {
        "modrinth": {
          "project-id": "alhWWxax",
          "version-id": "jIEsEM7M",
          "filename": "cull-fewer-leaves-1.1.2+26.1-fabric.jar",
          "url": "https://cdn.modrinth.com/data/alhWWxax/versions/jIEsEM7M/cull-fewer-leaves-1.1.2%2B26.1-fabric.jar",
          "hashes": {
            "sha512": "80e1763a3e0f2746aaa27da4d20837f62f5bea22fff326a6b7cecff43923ba1de91c6c5d4d8e5125bc263f35464cc858b556aa8ce8f1118e612677341d96d5d2"
          }
        }
      }
    },
    {
      "path": "mods/dynamic-fps.bun.json",
      "slug": "dynamic-fps",
      "filename": "dynamic-fps-3.11.9+minecraft-26.2.0-fabric.jar",
      "provider": "modrinth",
      "project-id": "LQ3K71Q1",
      "version-id": "pC2JjFw1",
      "sha512": "79b13548d7e9de9abfa23e062724a885e5341f371c500d6570056ecea7db00c2f7ace5a7288179ad8baec575b4aa992b91dccbc940c584cb5cddf0bc7aeb892f",
      "sidecar-hash": "dd155a39e82c904e86eb59090be41b8ffb2b8653707ccf8843c03f752b6b4c810ce5d77bd576faad40d401144311175e81382ac0def133180f88cb6aca97934f",
      "chosen": "modrinth",
      "providers": {
        "modrinth": {
          "project-id": "LQ3K71Q1",
          "version-id": "pC2JjFw1",
          "filename": "dynamic-fps-3.11.9+minecraft-26.2.0-fabric.jar",
          "url": "https://cdn.modrinth.com/data/LQ3K71Q1/versions/pC2JjFw1/dynamic-fps-3.11.9%2Bminecraft-26.2.0-fabric.jar",
          "hashes": {
            "sha512": "79b13548d7e9de9abfa23e062724a885e5341f371c500d6570056ecea7db00c2f7ace5a7288179ad8baec575b4aa992b91dccbc940c584cb5cddf0bc7aeb892f"
          }
        }
      }
    },
    {
      "path": "mods/entityculling.bun.json",
      "slug": "entityculling",
      "filename": "entityculling-fabric-1.10.5-mc26.2.jar",
      "provider": "modrinth",
      "project-id": "NNAgCjsB",
      "version-id": "iiF6U3Ne",
      "sha512": "338813c344a2d924abbaaf249da2b52f5e162bd92407f3099c6ff1bce1c1efecde9df80efcc7b4de3b3a0044cc5735b96594b04da4594bb26793459fc6c960a6",
      "sidecar-hash": "c66fa091c03edbd1cbf733c0c75789477526de2c756164b4be836e775553dc6d58c9d8a03e25e7e469c3a9445c17dfb5e7f34cc5c646ee7cba20f6d435e56cd1",
      "chosen": "modrinth",
      "providers": {
        "modrinth": {
          "project-id": "NNAgCjsB",
          "version-id": "iiF6U3Ne",
          "filename": "entityculling-fabric-1.10.5-mc26.2.jar",
          "url": "https://cdn.modrinth.com/data/NNAgCjsB/versions/iiF6U3Ne/entityculling-fabric-1.10.5-mc26.2.jar",
          "hashes": {
            "sha512": "338813c344a2d924abbaaf249da2b52f5e162bd92407f3099c6ff1bce1c1efecde9df80efcc7b4de3b3a0044cc5735b96594b04da4594bb26793459fc6c960a6"
          }
        }
      }
    },
    {
      "path": "mods/fabric-api.bun.json",
      "slug": "fabric-api",
      "filename": "fabric-api-0.156.0+26.2.jar",
      "provider": "modrinth",
      "project-id": "P7dR8mSH",
      "version-id": "3gT0I5vt",
      "sha512": "5bbc436d07f836cd90b88287e2ef27f1cd67e26185b2cd4a62cb2ae850eb74e5edbbc7ba7772e92ea91ebf35b263f8815421e3d5e7d2836cb28993ba1d534816",
      "sidecar-hash": "20f0add44d47c10dc9870a323556af48c377dfbbc4163841a953c303eb6823c2e21f96fa334517b16c7fc73f107a0964fec9d0f7df3981e9353f6e9bd946e247",
      "chosen": "modrinth",
      "providers": {
        "modrinth": {
          "project-id": "P7dR8mSH",
          "version-id": "3gT0I5vt",
          "filename": "fabric-api-0.156.0+26.2.jar",
          "url": "https://cdn.modrinth.com/data/P7dR8mSH/versions/3gT0I5vt/fabric-api-0.156.0%2B26.2.jar",
          "hashes": {
            "sha1": "d96e0d9ef8ea3604fac4ca7495d7c6148f3ac816",
            "sha512": "5bbc436d07f836cd90b88287e2ef27f1cd67e26185b2cd4a62cb2ae850eb74e5edbbc7ba7772e92ea91ebf35b263f8815421e3d5e7d2836cb28993ba1d534816"
          },
          "size": 2531175
        }
      }
    },
    {
      "path": "mods/fabric-language-kotlin.bun.json",
      "slug": "fabric-language-kotlin",
      "filename": "fabric-language-kotlin-1.13.13+kotlin.2.4.10.jar",
      "provider": "modrinth",
      "project-id": "Ha28R6CL",
      "version-id": "bdhiINYC",
      "sha512": "9a63c35a550b0362b7b25ff045d93709c7b0dae08c89076cba422813fdfb9e5f5dd021ed3afac9f82e74e95b88c249e8f68b240717151540ca3e88cc27fb9c77",
      "sidecar-hash": "c5086398efd398aef0ee4c9a1890fa94d588001418b302ffef040c8f6c03397565df687abbe0aa68e45a28224b113d8390bd53bd63cecd886882f0bb85b5a286",
      "chosen": "modrinth",
      "providers": {
        "modrinth": {
          "project-id": "Ha28R6CL",
          "version-id": "bdhiINYC",
          "filename": "fabric-language-kotlin-1.13.13+kotlin.2.4.10.jar",
          "url": "https://cdn.modrinth.com/data/Ha28R6CL/versions/bdhiINYC/fabric-language-kotlin-1.13.13%2Bkotlin.2.4.10.jar",
          "hashes": {
            "sha512": "9a63c35a550b0362b7b25ff045d93709c7b0dae08c89076cba422813fdfb9e5f5dd021ed3afac9f82e74e95b88c249e8f68b240717151540ca3e88cc27fb9c77"
          }
        }
      }
    },
    {
      "path": "mods/ferrite-core.bun.json",
      "slug": "ferrite-core",
      "filename": "ferritecore-9.0.0-fabric.jar",
      "provider": "modrinth",
      "project-id": "uXXizFIs",
      "version-id": "d5ddUdiB",
      "sha512": "d81fa97e11784c19d42f89c2f433831d007603dd7193cee45fa177e4a6a9c52b384b198586e04a0f7f63cd996fed713322578bde9a8db57e1188854ae5cbe584",
      "sidecar-hash": "0cd0fdefbf6f467f5c94b85854a320f2715b41ae5f1794e6ca97f028fb10ab5b9b7d43c3c16ad6bfce202030d3170578782ad234ee8d70a8dac467475146d4e2",
      "chosen": "modrinth",
      "providers": {
        "modrinth": {
          "project-id": "uXXizFIs",
          "version-id": "d5ddUdiB",
          "filename": "ferritecore-9.0.0-fabric.jar",
          "url": "https://cdn.modrinth.com/data/uXXizFIs/versions/d5ddUdiB/ferritecore-9.0.0-fabric.jar",
          "hashes": {
            "sha512": "d81fa97e11784c19d42f89c2f433831d007603dd7193cee45fa177e4a6a9c52b384b198586e04a0f7f63cd996fed713322578bde9a8db57e1188854ae5cbe584"
          }
        }
      }
    },
    {
      "path": "mods/fzzy-config.bun.json",
      "slug": "fzzy-config",
      "filename": "fzzy_config-0.7.6+26.2.jar",
      "provider": "modrinth",
      "project-id": "hYykXjDp",
      "version-id": "EQSFgLYw",
      "sha512": "cc6ed535a8ea78dd255351e12e0a0ebcd4feb645f03402f7de4666378466e3b8a9562ff9a4e01e772eb25fb9d04554571c19f7c27eaec7bb4e3f115036c0492f",
      "sidecar-hash": "669dd1f51ade970aea49fb737cfb15c3fea3ac8f91e65525b8ec9f5455516d22c510a8d461303d72a8f31fd811fa4773937259277215f7d9547a87d9289c91d0",
      "chosen": "modrinth",
      "providers": {
        "modrinth": {
          "project-id": "hYykXjDp",
          "version-id": "EQSFgLYw",
          "filename": "fzzy_config-0.7.6+26.2.jar",
          "url": "https://cdn.modrinth.com/data/hYykXjDp/versions/EQSFgLYw/fzzy_config-0.7.6%2B26.2.jar",
          "hashes": {
            "sha512": "cc6ed535a8ea78dd255351e12e0a0ebcd4feb645f03402f7de4666378466e3b8a9562ff9a4e01e772eb25fb9d04554571c19f7c27eaec7bb4e3f115036c0492f"
          }
        }
      }
    },
    {
      "path": "mods/gnetum.bun.json",
      "slug": "gnetum",
      "filename": "Gnetum-4.5.3+26.2-fabric.jar",
      "provider": "modrinth",
      "project-id": "7MoE34WK",
      "version-id": "bA8ri0IU",
      "sha512": "b828a50e72b45cb73ec70f9c5f4f2e0205317d4680f873fe4593c166166d7b493f81048a83177f7b9d350dbb468ac31f1c47bb02889be70987716630d38edcb2",
      "sidecar-hash": "93b64cc0697742bfe57f1c670d8cd91c51b88b4ef74c409c7054ea59d63c2c87e797a8e3e6bb6ea6dd57a15bd35516a52e03ff0ffb91d51ded6718f9a332fca2",
      "chosen": "modrinth",
      "providers": {
        "modrinth": {
          "project-id": "7MoE34WK",
          "version-id": "bA8ri0IU",
          "filename": "Gnetum-4.5.3+26.2-fabric.jar",
          "url": "https://cdn.modrinth.com/data/7MoE34WK/versions/bA8ri0IU/Gnetum-4.5.3%2B26.2-fabric.jar",
          "hashes": {
            "sha1": "891804ff780e241e507b15caa37355eb593afc13",
            "sha512": "b828a50e72b45cb73ec70f9c5f4f2e0205317d4680f873fe4593c166166d7b493f81048a83177f7b9d350dbb468ac31f1c47bb02889be70987716630d38edcb2"
          },
          "size": 91638
        }
      }
    },
    {
      "path": "mods/immediatelyfast.bun.json",
      "slug": "immediatelyfast",
      "filename": "ImmediatelyFast-Fabric-1.16.2+26.2.jar",
      "provider": "modrinth",
      "project-id": "5ZwdcRci",
      "version-id": "uJHxuQxy",
      "sha512": "5f7c9d7993bfe3654b4f384c23afd83c1adcc359b1fa669b20f29ffa41e4e3135a161c1fdf97c66c5fc513ec5fe63e757a46b6e183b7b93148a28412496c5a0b",
      "sidecar-hash": "bd93a43c11359307e98e28a75286edb3d1caf9b5cbf2b9bb2127c81b89640a1e79b35499368a9eb449039b3b839e6ebc9e099dc62ea2662ce7d00c5f6917b30c",
      "chosen": "modrinth",
      "providers": {
        "modrinth": {
          "project-id": "5ZwdcRci",
          "version-id": "uJHxuQxy",
          "filename": "ImmediatelyFast-Fabric-1.16.2+26.2.jar",
          "url": "https://cdn.modrinth.com/data/5ZwdcRci/versions/uJHxuQxy/ImmediatelyFast-Fabric-1.16.2%2B26.2.jar",
          "hashes": {
            "sha512": "5f7c9d7993bfe3654b4f384c23afd83c1adcc359b1fa669b20f29ffa41e4e3135a161c1fdf97c66c5fc513ec5fe63e757a46b6e183b7b93148a28412496c5a0b"
          }
        }
      }
    },
    {
      "path": "mods/immersive-optimization.bun.json",
      "slug": "immersive-optimization",
      "filename": "immersive_optimization-fabric-26.2-0.2.0.jar",
      "provider": "modrinth",
      "project-id": "vNZgQmjg",
      "version-id": "ULXQkJab",
      "sha512": "b9d0a94064b83423ad07573cff6d010d065e9e5d0a7f16126e0f1eea78a81cc5be6ccca1d18546a62542bdc06e9373152551bfde3d354d444b5a02a38464330d",
      "sidecar-hash": "51d73aae135e52418759f6e84b9bb2af53ceab5c5cf8450bd54e2dc840295dc1151b4536855ed6d51fcb8d4434f443da04a1f0848b360f5db3d967e8b03a1f23",
      "chosen": "modrinth",
      "providers": {
        "modrinth": {
          "project-id": "vNZgQmjg",
          "version-id": "ULXQkJab",
          "filename": "immersive_optimization-fabric-26.2-0.2.0.jar",
          "url": "https://cdn.modrinth.com/data/vNZgQmjg/versions/ULXQkJab/immersive_optimization-fabric-26.2-0.2.0.jar",
          "hashes": {
            "sha1": "ebcd2570809519f73d7d566c1fc21941ca165a83",
            "sha512": "b9d0a94064b83423ad07573cff6d010d065e9e5d0a7f16126e0f1eea78a81cc5be6ccca1d18546a62542bdc06e9373152551bfde3d354d444b5a02a38464330d"
          },
          "size": 56255
        }
      }
    },
    {
      "path": "mods/ixeris.bun.json",
      "slug": "ixeris",
      "filename": "Ixeris-4.6.2+26.2-fabric.jar",
      "provider": "modrinth",
      "project-id": "p8RJPJIC",
      "version-id": "B6Z4jE2K",
      "sha512": "696ebb93e78b90e4599e5b6bbd1012ceb3fff69e66617fa042e290ea4917ea9fa598a9a07febd8bd1f4c7908794026a3653f5c523c3255b4ebef8a5def37a74c",
      "sidecar-hash": "51366f412ea2e3c94205a9b7cef7c34356e11c08eba256f8d19a6fe5aaa24c6b56b0a642fe8c98c6b931f902b4baaa523e7cc128bf5eabf7da358826a5b862aa",
      "chosen": "modrinth",
      "providers": {
        "modrinth": {
          "project-id": "p8RJPJIC",
          "version-id": "B6Z4jE2K",
          "filename": "Ixeris-4.6.2+26.2-fabric.jar",
          "url": "https://cdn.modrinth.com/data/p8RJPJIC/versions/B6Z4jE2K/Ixeris-4.6.2%2B26.2-fabric.jar",
          "hashes": {
            "sha1": "59bbe18b92f0f2e2aed69ca8ac6ba33cf2901b8d",
            "sha512": "696ebb93e78b90e4599e5b6bbd1012ceb3fff69e66617fa042e290ea4917ea9fa598a9a07febd8bd1f4c7908794026a3653f5c523c3255b4ebef8a5def37a74c"
          },
          "size": 757485
        }
      }
    },
    {
      "path": "mods/jasione.bun.json",
      "slug": "jasione",
      "filename": "jasione-1.0.6+26.1.2-fabric.jar",
      "provider": "modrinth",
      "project-id": "qlDkBPij",
      "version-id": "b3MVCsFP",
      "sha512": "cdb62542b281e5d10b661801fd4d7760283831bf688d94396c4e710312eff2f6ee44dbaa9c2d225772ea276e77acb83b5c2821a4bf0b41133f82efeacd0097b9",
      "sidecar-hash": "94492d2b99cbfb9a4d4fbd36c91321266d138603aef807a663a375806efa7b020764fefd2ad7c6c1d6d0b1701baa4dcbc96616d2bd3c977c6ca32f668201fc67",
      "chosen": "modrinth",
      "providers": {
        "modrinth": {
          "project-id": "qlDkBPij",
          "version-id": "b3MVCsFP",
          "filename": "jasione-1.0.6+26.1.2-fabric.jar",
          "url": "https://cdn.modrinth.com/data/qlDkBPij/versions/b3MVCsFP/jasione-1.0.6%2B26.1.2-fabric.jar",
          "hashes": {
            "sha1": "b9b22b24734f5e06faf1a9a5f7f8bc96d34aa70d",
            "sha512": "cdb62542b281e5d10b661801fd4d7760283831bf688d94396c4e710312eff2f6ee44dbaa9c2d225772ea276e77acb83b5c2821a4bf0b41133f82efeacd0097b9"
          },
          "size": 746085
        }
      }
    },
    {
      "path": "mods/lithium.bun.json",
      "slug": "lithium",
      "filename": "lithium-fabric-0.25.3+mc26.2.jar",
      "provider": "modrinth",
      "project-id": "gvQqBUqZ",
      "version-id": "f7vZ0VWU",
      "sha512": "148b638f3c6229fbaf487120a2344a0af5e411a5aa6533d5db9d75da0a8c0d8304f63eb4cca13f4d03b2c9b4c23d559dd74c1d832422ef8a3087bd005e62a8bd",
      "sidecar-hash": "ea20e52904fe105c8db274062b3b942e97ce0beb92b43a5e48191ff84431cdb831820a3781842b4db60a1eb970385f6b05f9e4ea185927a62a549d7561495c49",
      "chosen": "modrinth",
      "providers": {
        "modrinth": {
          "project-id": "gvQqBUqZ",
          "version-id": "f7vZ0VWU",
          "filename": "lithium-fabric-0.25.3+mc26.2.jar",
          "url": "https://cdn.modrinth.com/data/gvQqBUqZ/versions/f7vZ0VWU/lithium-fabric-0.25.3%2Bmc26.2.jar",
          "hashes": {
            "sha1": "435ad0289209bb72195e7a423756a03f5dfa5a9a",
            "sha512": "148b638f3c6229fbaf487120a2344a0af5e411a5aa6533d5db9d75da0a8c0d8304f63eb4cca13f4d03b2c9b4c23d559dd74c1d832422ef8a3087bd005e62a8bd"
          },
          "size": 912850
        }
      }
    },
    {
      "path": "mods/modernica-fabric.bun.json",
      "slug": "modernica-fabric",
      "filename": "modernica-mc26.2-26.07.1.jar",
      "provider": "modrinth",
      "project-id": "tIVlpI7w",
      "version-id": "MYWySpSm",
      "sha512": "ae63487666a452da159a2c543678ba1a3d3805baf153bd145d97f29d4300aa2a5663fb355b2bbdc074c2774889d1507a62fc9d0d915fe3eb07ade46c3908dea0",
      "sidecar-hash": "2f3d34b6ba689a2c035b0e9b2c4186f88f9fa85fec7edd78aae9ae60fab4b2fbc2b9f5202d6f86d0b1c957007766b3d2213959cd832f64fccfa8acf542e01c61",
      "chosen": "modrinth",
      "providers": {
        "modrinth": {
          "project-id": "tIVlpI7w",
          "version-id": "MYWySpSm",
          "filename": "modernica-mc26.2-26.07.1.jar",
          "url": "https://cdn.modrinth.com/data/tIVlpI7w/versions/MYWySpSm/modernica-mc26.2-26.07.1.jar",
          "hashes": {
            "sha1": "6275406b3978d895c4a838d6ac64dad99c4cacbe",
            "sha512": "ae63487666a452da159a2c543678ba1a3d3805baf153bd145d97f29d4300aa2a5663fb355b2bbdc074c2774889d1507a62fc9d0d915fe3eb07ade46c3908dea0"
          },
          "size": 1530903
        }
      }
    },
    {
      "path": "mods/no-prying-eyes.bun.json",
      "slug": "no-prying-eyes",
      "filename": "nopryingeyes-fabric-26.2-3.2.0-beta.jar",
      "provider": "modrinth",
      "project-id": "LoXPgYhm",
      "version-id": "1IhozFfn",
      "sha512": "c3e5afa1b9b9958cb64125023dc32f0128af89ae75ad5a07534e34e662a5d63014343f98b14b2b1097b7aa90ca58d6c988b49b4b9bf8ba0f8597742a7f787441",
      "sidecar-hash": "b192b73f3f0375af2c8b8a7188793a16912af8466a9fb4da35101c7c9be83c6ecf72110c2337f79bd6641e8ddca17b44e0fa355dbe74105fc3ef88bac0435cb8",
      "chosen": "modrinth",
      "providers": {
        "modrinth": {
          "project-id": "LoXPgYhm",
          "version-id": "1IhozFfn",
          "filename": "nopryingeyes-fabric-26.2-3.2.0-beta.jar",
          "url": "https://cdn.modrinth.com/data/LoXPgYhm/versions/1IhozFfn/nopryingeyes-fabric-26.2-3.2.0-beta.jar",
          "hashes": {
            "sha512": "c3e5afa1b9b9958cb64125023dc32f0128af89ae75ad5a07534e34e662a5d63014343f98b14b2b1097b7aa90ca58d6c988b49b4b9bf8ba0f8597742a7f787441"
          }
        }
      }
    },
    {
      "path": "mods/particle-core.bun.json",
      "slug": "particle-core",
      "filename": "particle_core-0.3.3+26.2.jar",
      "provider": "modrinth",
      "project-id": "RSeLon5O",
      "version-id": "VFv6uQKM",
      "sha512": "75467791b669b8cb0450b31766afd0ebfb734c0cdff020c0f1f9e95491440260823fa507d3515f347cb913143e4600feb88400174fc3d84b098ee3126fb91f48",
      "sidecar-hash": "fa9b12aba4235ac0e47b750c3edf6f51065832f4f5b4eeac958583751b3bf7ccca99d1f7e507ff5f3706c2beeccd9869b5739d4465d14f3cf1c11ecb717272a9",
      "chosen": "modrinth",
      "providers": {
        "modrinth": {
          "project-id": "RSeLon5O",
          "version-id": "VFv6uQKM",
          "filename": "particle_core-0.3.3+26.2.jar",
          "url": "https://cdn.modrinth.com/data/RSeLon5O/versions/VFv6uQKM/particle_core-0.3.3%2B26.2.jar",
          "hashes": {
            "sha512": "75467791b669b8cb0450b31766afd0ebfb734c0cdff020c0f1f9e95491440260823fa507d3515f347cb913143e4600feb88400174fc3d84b098ee3126fb91f48"
          }
        }
      }
    },
    {
      "path": "mods/quick-pack.bun.json",
      "slug": "quick-pack",
      "filename": "quick-pack-fabric-1.4.0+26.2.jar",
      "provider": "modrinth",
      "project-id": "pSISfJ4O",
      "version-id": "Ts0ciK2G",
      "sha512": "74776821341e33bc8e1e89c7b61ece0d9a891fae889113b76351eb2aa077526efe29025dd1c416d5050b2e01b76f6fbad3113dbf01bfeb77c833a91b927696b5",
      "sidecar-hash": "3326bfc500836209cbbf79b37aea0a22d453d03376aebd8b9b4724e860450b7ecfa7e6f367085b9b251f904ab1138b4262beb81860b158e3aed934dcc954755c",
      "chosen": "modrinth",
      "providers": {
        "modrinth": {
          "project-id": "pSISfJ4O",
          "version-id": "Ts0ciK2G",
          "filename": "quick-pack-fabric-1.4.0+26.2.jar",
          "url": "https://cdn.modrinth.com/data/pSISfJ4O/versions/Ts0ciK2G/quick-pack-fabric-1.4.0%2B26.2.jar",
          "hashes": {
            "sha1": "52665f245611466641e4e71c674fa2c5fd227bd1",
            "sha512": "74776821341e33bc8e1e89c7b61ece0d9a891fae889113b76351eb2aa077526efe29025dd1c416d5050b2e01b76f6fbad3113dbf01bfeb77c833a91b927696b5"
          },
          "size": 15638
        }
      }
    },
    {
      "path": "mods/scalablelux.bun.json",
      "slug": "scalablelux",
      "filename": "ScalableLux-fabric-0.3.0-alpha.0.3-all.jar",
      "provider": "modrinth",
      "project-id": "Ps1zyz6x",
      "version-id": "EKLUURiy",
      "sha512": "ea1551c8728a726f6ee82fed3040af52791943ef99f6b63428ed770797f60677e0160975ad59ad0f51bcd4a4ec2b5da39c6913ab2379f2e25d2397132d469a94",
      "sidecar-hash": "39a5aed145c31a220a6cf5f42608dc7b475e0293011811e223d6421163cbd215cba5c8063d6ed206ea84059646f4937fd6384498f2e525bc30570437d30efd80",
      "chosen": "modrinth",
      "providers": {
        "modrinth": {
          "project-id": "Ps1zyz6x",
          "version-id": "EKLUURiy",
          "filename": "ScalableLux-fabric-0.3.0-alpha.0.3-all.jar",
          "url": "https://cdn.modrinth.com/data/Ps1zyz6x/versions/EKLUURiy/ScalableLux-fabric-0.3.0-alpha.0.3-all.jar",
          "hashes": {
            "sha512": "ea1551c8728a726f6ee82fed3040af52791943ef99f6b63428ed770797f60677e0160975ad59ad0f51bcd4a4ec2b5da39c6913ab2379f2e25d2397132d469a94"
          }
        }
      }
    },
    {
      "path": "mods/servercore.bun.json",
      "slug": "servercore",
      "filename": "servercore-fabric-1.5.19+26.2.jar",
      "provider": "modrinth",
      "project-id": "4WWQxlQP",
      "version-id": "edrtnY9v",
      "sha512": "aa4cfc93f8e02172910302444330e37713dfcf2047d28e55eb7323a3cd5d51493374a0959aa3e626ec2bf43fc707a755508b83454bb34b6d57d65c069929074b",
      "sidecar-hash": "f362b5749a68ea924762116aac27a972814b0f07b582bc846fa4a62c66e06e6ed4b56fcff0095a6d270d487d23062c0063c452a51d847a222f8c0f2c4cb153d8",
      "chosen": "modrinth",
      "providers": {
        "modrinth": {
          "project-id": "4WWQxlQP",
          "version-id": "edrtnY9v",
          "filename": "servercore-fabric-1.5.19+26.2.jar",
          "url": "https://cdn.modrinth.com/data/4WWQxlQP/versions/edrtnY9v/servercore-fabric-1.5.19%2B26.2.jar",
          "hashes": {
            "sha512": "aa4cfc93f8e02172910302444330e37713dfcf2047d28e55eb7323a3cd5d51493374a0959aa3e626ec2bf43fc707a755508b83454bb34b6d57d65c069929074b"
          }
        }
      }
    },
    {
      "path": "mods/sodium.bun.json",
      "slug": "sodium",
      "filename": "sodium-fabric-0.9.2-alpha.4+mc26.2.jar",
      "provider": "modrinth",
      "project-id": "AANobbMI",
      "version-id": "a9YZH3ip",
      "sha512": "2c7a548616e6a9ecc9a0aaeb3f192bf75be424fa965e7ac248e958535330ccee8059026cc3bab9fc481e09055446d684bc07c57bc82f91fb966a52d7142be472",
      "sidecar-hash": "a59f31b0c01129032fe2c3d397271413d163295a95d53979aa432e1c31b917869c651615f650e851fe56299bcd2c4f1e2c68d8adf60ab0fd59e8fa4b3ff5411b",
      "chosen": "modrinth",
      "providers": {
        "modrinth": {
          "project-id": "AANobbMI",
          "version-id": "a9YZH3ip",
          "filename": "sodium-fabric-0.9.2-alpha.4+mc26.2.jar",
          "url": "https://cdn.modrinth.com/data/AANobbMI/versions/a9YZH3ip/sodium-fabric-0.9.2-alpha.4%2Bmc26.2.jar",
          "hashes": {
            "sha1": "795ab0a8dce0c19c4f21089fd521c112d1749143",
            "sha512": "2c7a548616e6a9ecc9a0aaeb3f192bf75be424fa965e7ac248e958535330ccee8059026cc3bab9fc481e09055446d684bc07c57bc82f91fb966a52d7142be472"
          },
          "size": 1880490
        }
      }
    },
    {
      "path": "mods/vmp-fabric.bun.json",
      "slug": "vmp-fabric",
      "filename": "vmp-fabric-mc26.2-0.2.0+beta.7.236-all.jar",
      "provider": "modrinth",
      "project-id": "wnEe9KBa",
      "version-id": "d6FfpWFI",
      "sha512": "2e0fd87e66f35f00f634176d4072a6c6d1eee965d1817833709ad3ea73e4f2719fa152d5e95b5ab8216b064c7db124b7f13838ebea87d92f7a72df82839e9bd5",
      "sidecar-hash": "6227c1b85331517163d6e0650d6ff5590271c76fc91bc70ec536586ef78042cc899cc3ba37236d9e10f9699a892cbc8a52974746bfc0143cb625cc4af4254720",
      "chosen": "modrinth",
      "providers": {
        "modrinth": {
          "project-id": "wnEe9KBa",
          "version-id": "d6FfpWFI",
          "filename": "vmp-fabric-mc26.2-0.2.0+beta.7.236-all.jar",
          "url": "https://cdn.modrinth.com/data/wnEe9KBa/versions/d6FfpWFI/vmp-fabric-mc26.2-0.2.0%2Bbeta.7.236-all.jar",
          "hashes": {
            "sha512": "2e0fd87e66f35f00f634176d4072a6c6d1eee965d1817833709ad3ea73e4f2719fa152d5e95b5ab8216b064c7db124b7f13838ebea87d92f7a72df82839e9bd5"
          }
        }
      }
    },
    {
      "path": "mods/zconfig.bun.json",
      "slug": "zconfig",
      "filename": "zconfig-1.0.0+26.x.jar",
      "provider": "modrinth",
      "project-id": "4qmvXRB9",
      "version-id": "tsgt79sG",
      "sha512": "baf87ac023fd0297f531897f0dcdcac3b0b35960683090adb3350a2281a211c5134a5373730a10628300caf5711b912705f16b33a1d1a73a3a86f346bcd7c6f5",
      "sidecar-hash": "b60ae3837e1840ca546bde8761f3c5bfd7f718e7c0ba2809149d25c7603af1861a3f8fcc47cefade25018d194d2acec7f1c09d43a66572a9d4857d18686582f1",
      "chosen": "modrinth",
      "providers": {
        "modrinth": {
          "project-id": "4qmvXRB9",
          "version-id": "tsgt79sG",
          "filename": "zconfig-1.0.0+26.x.jar",
          "url": "https://cdn.modrinth.com/data/4qmvXRB9/versions/tsgt79sG/zconfig-1.0.0%2B26.x.jar",
          "hashes": {
            "sha1": "91dab4f25559cf79d493177fbe0a50c4083a27cb",
            "sha512": "baf87ac023fd0297f531897f0dcdcac3b0b35960683090adb3350a2281a211c5134a5373730a10628300caf5711b912705f16b33a1d1a73a3a86f346bcd7c6f5"
          },
          "size": 405423
        }
      }
    },
    {
      "path": "mods/zfastnoise.bun.json",
      "slug": "zfastnoise",
      "filename": "zfastnoise-1.1.0-beta.4+26.2.jar",
      "provider": "modrinth",
      "project-id": "OnlVIpq5",
      "version-id": "qxGN3Aeh",
      "sha512": "19255027d38b3ef1a1acde72a9be7bfc334c3e1a3281c62dd66cb40e96b56ad1428c069b1c75c57008bd40d998bd2faca7822ce63a3814f6eb7603a299b93933",
      "sidecar-hash": "131ad1d2a12f5c09aef3cc1dbab536d90226b9f2cbaf507be9b7672237947eaf543883a48ce7b3a8064eefab974bddcca7a3c47da1dbb8dd295dbc4574b3798f",
      "chosen": "modrinth",
      "providers": {
        "modrinth": {
          "project-id": "OnlVIpq5",
          "version-id": "qxGN3Aeh",
          "filename": "zfastnoise-1.1.0-beta.4+26.2.jar",
          "url": "https://cdn.modrinth.com/data/OnlVIpq5/versions/qxGN3Aeh/zfastnoise-1.1.0-beta.4%2B26.2.jar",
          "hashes": {
            "sha1": "99d6f9744299dd7c5c13e6ab800e73bb66c05099",
            "sha512": "19255027d38b3ef1a1acde72a9be7bfc334c3e1a3281c62dd66cb40e96b56ad1428c069b1c75c57008bd40d998bd2faca7822ce63a3814f6eb7603a299b93933"
          },
          "size": 550997
        }
      }
    }
  ],
  "overlays": [
    {
      "file": "bg.png",
      "hash": "6795977c6759c7b8f7c99641b2f9bdd551de2e4951de747f0654fca3ba4e639eb16bc1370c0c692cb2f63a1ad00179f0919013fdb2dcb032f2f89234aa0cd931",
      "hash-format": "sha512"
    },
    {
      "file": "config/modernica-mixins.properties",
      "hash": "6fbe2d88e1b04aa6cb272c8760e76dca8761a0980a0944ee256d7377aebdec869efdd026ad076c804b94fed7c95d85803cafa144fd36de68af0af86a851b9d55",
      "hash-format": "sha512"
    },
    {
      "file": "config/modpack_defaults/config/badoptimizations.txt",
      "hash": "b0ceb59a46fc10eb9fc45c11728efd60c1ae60cfe02565269487eac4d045900ff520758d395501d6b2611b7ca9855076d6aca90ff3dd9671877f709dcbd903d3",
      "hash-format": "sha512"
    },
    {
      "file": "config/modpack_defaults/config/c2me.toml",
      "hash": "fa3125816209e2ec1e72d85c698172c0d32fc84f2ca789a0f013629293d3b8be9c1d471458b4086607ee6379be97da19fc8c5a9f6d498e7cc612becf3c3f2ccd",
      "hash-format": "sha512"
    },
    {
      "file": "config/modpack_defaults/config/entityculling.json",
      "hash": "96f6e422180ca31192ffde79976c6f88c85e63f25a9c1107dc1b9f1a522e0e6f1acafd5698a82d790562a763ca261b0689e190ef6f3e7a65fe692de3abb0f58f",
      "hash-format": "sha512"
    },
    {
      "file": "config/modpack_defaults/config/fabric/indigo-renderer.properties",
      "hash": "59ac60770bf6e5d3c5547e4847e8356b9bd740b1b05b2224bb3f6c59140a1e358dac474163bb4936c8d36e5a3867eb4baf7980a760aeaf2a0fb877467bc76931",
      "hash-format": "sha512"
    },
    {
      "file": "config/modpack_defaults/config/ferritecore.mixin.properties",
      "hash": "4054daee2e4fdf81cc5ccab0179400e5c964258aec2d8266347109851247ff93fd0c296ea664f5b2b6425faf3d6b81f44f42ceec40c582c115d8f1129b3abd92",
      "hash-format": "sha512"
    },
    {
      "file": "config/modpack_defaults/config/gnetum.json",
      "hash": "6b956dbbbd1edd94b418dc8a959d9f9733a98978b58b66d4a2194cd94728ec016609988d4d494bf6bd70d92e50c58606e8a3150e4eb8c9c16740cec63cd4b082",
      "hash-format": "sha512"
    },
    {
      "file": "config/modpack_defaults/config/immediatelyfast.json",
      "hash": "6cc7c0e90245e11a477d747a20aa322cd69679937d1e6c6a1bbe6c003224aa3fc1eb3b55f70bf1cc21ded769df8506f3075be6fbbdac40dbe752c75bc26835a5",
      "hash-format": "sha512"
    },
    {
      "file": "config/modpack_defaults/config/ixeris.toml",
      "hash": "e3b812e13fe83c4e13271a31281c31ec3006b02ac9507d3d508a0a70d9dc38c7bf70b90717dab66a268617ce587a1202d6f15ac4f89949ddcc28c3cccc682fa6",
      "hash-format": "sha512"
    },
    {
      "file": "config/modpack_defaults/config/lithium.properties",
      "hash": "9be53266efb7c570695232da01571f0ff34737191061a1fe502dbbda7c28bd816795db5ddf0ab9cfe57b676e30afb0486c7b0d3f9fe64d1a2bc720b099156ba8",
      "hash-format": "sha512"
    },
    {
      "file": "config/modpack_defaults/config/modernfix-mixins.properties",
      "hash": "4a03679445d2e0af0e67101b04cfbf578a650f58411774b59053e9121cc561178b08235ab368ef8134b5dfc3d3774caafcd4d502bb11f1b8710d6d4eaa10cd04",
      "hash-format": "sha512"
    },
    {
      "file": "config/modpack_defaults/config/moreculling.toml",
      "hash": "8e528310a6469ed53cc7459c871a6fafc44fa9b989bb9c783241d808bc9befd95b2b170c87948ccef02bdbbbc429645ac86179058a1b88bddde2ae3ed73e5043",
      "hash-format": "sha512"
    },
    {
      "file": "config/modpack_defaults/config/npe.json",
      "hash": "5d46823c50c63c83107a41b196820c355a8686b3315a50ae0885873603682bb1322cd07532fa7b85ad550426323ad2627eb097baf638b2c55c967ecc38a7dee2",
      "hash-format": "sha512"
    },
    {
      "file": "config/modpack_defaults/config/oxidizium.properties",
      "hash": "b2a18ab52a510a36872ea2e8b9665e4e58907ad63c1ad7cbcd1b7e53b1b6eeec74c8a2e8b63571a4ab08cf33a541a01e7c4c17d7e57440ae288ff3bdbaaf3b07",
      "hash-format": "sha512"
    },
    {
      "file": "config/modpack_defaults/config/particle_core_config.toml",
      "hash": "809b4ddeb72320355e85e5c4402e62d288f9da923daf79f2d176cc0b07822fb32cbc8cb6e44d3c54882535b69555b05d5fdba418b5727f4637cbc96fa9281b38",
      "hash-format": "sha512"
    },
    {
      "file": "config/modpack_defaults/config/particle_core_disabled_optimizations_v2.json",
      "hash": "afa216f34dce7c504308a5090a7ed66f66a84c90faa40bad22d376116920df353518327bdcd5aa5959a5bc3cfb47ee209952e023f32477ae55825ade7e4db5a8",
      "hash-format": "sha512"
    },
    {
      "file": "config/modpack_defaults/config/servercore/config.yml",
      "hash": "fc07340e94811b9d0e76f2d4938aad76fe8dfce175d388c5accee5b4531b6f2b18180732bc29b3286ba818030541e742bfbab8b8a1016d8bdf3e9ec255bf2985",
      "hash-format": "sha512"
    },
    {
      "file": "config/modpack_defaults/config/servercore/optimizations.yml",
      "hash": "a3b03609a0422ce6bebfb502d0a935f7c253695a20729d518633f88714643028134513fc694ee61737d571d101e7eaad73622bc569822deeb8b2204a35f7c9e6",
      "hash-format": "sha512"
    },
    {
      "file": "config/modpack_defaults/config/sodium-mixins.properties",
      "hash": "6acd2f3e4956788d0abd2bd941c5bcb3003b63c58eeedb3db727e5abfd37f036e49e7b97310bd37b9d3c29e2adbcbb3e5109af0482842f704a64a409a59bb437",
      "hash-format": "sha512"
    },
    {
      "file": "config/modpack_defaults/config/sodium-options.json",
      "hash": "6d1c8abb894334894c6a327debddc0d74aa64436c0e32c0ad594fc994aab371a4b6900404fb88814b8e0fe0e3823f190a26f3211a3b404342121c8e0d305b2d3",
      "hash-format": "sha512"
    },
    {
      "file": "config/modpack_defaults/config/zfastnoise.mixin.toml",
      "hash": "f713f24b20e7f0c8d59f19300136d5c154c471198864502650550dcb66afc0ef731e85dd27cb83e6b6e7ac40bbfae001fd616b23f512acc83ccc6686a51d5260",
      "hash-format": "sha512"
    },
    {
      "file": "config/modpack_defaults/options.txt",
      "hash": "d5150c087f8be175b8b41bec3e25c5ef9157b11e749cacd95dad1e01bf2fb6cfc1458814962ae5deca47a5b9d531dcd46d085ce5b69200318ce4dc330807dba9",
      "hash-format": "sha512"
    },
    {
      "file": "icon.png",
      "hash": "8adfe2288ede844d019c784c544548ccb0ffae3292f960f5c3946bff89ce6e77e78bbdf6aed5f2c3c1a611b96118f67964dffa582699f78ef6f90f47a9f395e8",
      "hash-format": "sha512"
    },
    {
      "file": "modlist.md",
      "hash": "fc15939979ae92074dad97a030eafde021e86b73d5563b4f7882a749f707745f7b126a0034c73b2db6fd1ea24869dcf20d791c14c2d74590165f4ec02736237e",
      "hash-format": "sha512"
    }
  ]
}
