{
  "version": 2,
  "pack-format": "bundle:29",
  "packages": [
    {
      "path": "mods/ai-improvements.bun.json",
      "slug": "ai-improvements",
      "filename": "AIImprovements-1.12-0.0.1b3.jar",
      "provider": "modrinth",
      "project-id": "DSVgwcji",
      "version-id": "kOyZhvg3",
      "sha512": "90e12cb0d98cc1003cfee3bc9e97adc27292d9c42ac5447237588bd3705f03a599b55ef060e32e119a9d00eb57fb52426f6e72ec60611de9b2ed7e40b74f1809",
      "sidecar-hash": "a241528d1c7d48cfd4ed0d2102a431e1fc67e38cb80c83851030dc1bf6f82aa11bec7d4e1f8fc87902e4dbfc7fbc4c10ccc3936d255223ed9c87fbb49fc1c243",
      "chosen": "modrinth",
      "providers": {
        "modrinth": {
          "project-id": "DSVgwcji",
          "version-id": "kOyZhvg3",
          "filename": "AIImprovements-1.12-0.0.1b3.jar",
          "url": "https://cdn.modrinth.com/data/DSVgwcji/versions/kOyZhvg3/AIImprovements-1.12-0.0.1b3.jar",
          "hashes": {
            "sha512": "90e12cb0d98cc1003cfee3bc9e97adc27292d9c42ac5447237588bd3705f03a599b55ef060e32e119a9d00eb57fb52426f6e72ec60611de9b2ed7e40b74f1809"
          }
        }
      }
    },
    {
      "path": "mods/beddium.bun.json",
      "slug": "beddium",
      "filename": "beddium-mc1.7.10-1.2.4-j8.jar",
      "provider": "modrinth",
      "project-id": "kPtHpb7z",
      "version-id": "vqEZg8Dn",
      "sha512": "69d37115b8b02808718f64f708b82226a2d6bd2203137ec7dc2c17fe1a57e59767ea8a1bb1a6329fa1fd6089d97e496597d873b0b7671fde4606ff84f460973d",
      "sidecar-hash": "f1a506ec257087c09d8c26659156e75e92ca6930f903ba29bd5d52dad43d4c998aaed9c3e2bc4bb3d024b51746753357eb7712ca1ae72aa42a518b553fc7349c",
      "chosen": "modrinth",
      "providers": {
        "modrinth": {
          "project-id": "kPtHpb7z",
          "version-id": "vqEZg8Dn",
          "filename": "beddium-mc1.7.10-1.2.4-j8.jar",
          "url": "https://cdn.modrinth.com/data/kPtHpb7z/versions/vqEZg8Dn/beddium-mc1.7.10-1.2.4-j8.jar",
          "hashes": {
            "sha512": "69d37115b8b02808718f64f708b82226a2d6bd2203137ec7dc2c17fe1a57e59767ea8a1bb1a6329fa1fd6089d97e496597d873b0b7671fde4606ff84f460973d"
          }
        }
      }
    },
    {
      "path": "mods/born-in-a-barn.bun.json",
      "slug": "born-in-a-barn",
      "filename": "Born In A Barn 1.8-1.12-1.2.jar",
      "provider": "modrinth",
      "project-id": "WfPGKC8F",
      "version-id": "40q9Yeit",
      "sha512": "aaadf3b97ceb905ed21fd495d5176cab38795f73f137b5b00e8d5b42edaf20d247c8d20fa0a0136031e173d4f67f285477a5cfda025d4d8f847530359ed2d682",
      "sidecar-hash": "e09a934e6a32d196b9c3b891e26132d9d0ed6ec779220edfe92e86652fd4da0eeb22854c0c84f7548aa134dfa369f82ca6117b914c3dfedf58fc7dd2a1713bc9",
      "chosen": "modrinth",
      "providers": {
        "modrinth": {
          "project-id": "WfPGKC8F",
          "version-id": "40q9Yeit",
          "filename": "Born In A Barn 1.8-1.12-1.2.jar",
          "url": "https://cdn.modrinth.com/data/WfPGKC8F/versions/40q9Yeit/Born%20In%20A%20Barn%201.8-1.12-1.2.jar",
          "hashes": {
            "sha512": "aaadf3b97ceb905ed21fd495d5176cab38795f73f137b5b00e8d5b42edaf20d247c8d20fa0a0136031e173d4f67f285477a5cfda025d4d8f847530359ed2d682"
          }
        }
      }
    },
    {
      "path": "mods/crash-assistant.bun.json",
      "slug": "crash-assistant",
      "filename": "!!!CrashAssistant-forge-1.12.2-1.11.11.jar",
      "provider": "modrinth",
      "project-id": "ix1qq8Ux",
      "version-id": "RaRxfQNc",
      "sha512": "49074a774a5bdcb000293f4d5f60349c883fa94890767d9275fbc47db8b9a3bc2b5e797bfae6180835eaf9204e89033657c1b8e19971aa14d3ae9935125c2cee",
      "sidecar-hash": "c812ce1a93c87af8386cc34a3ebe4318858419dfccfc076d2ac1054b5e995e1ee7fa7f571423824430abfda54081f164626127682223266bca46eaaeea4f5575",
      "chosen": "modrinth",
      "providers": {
        "modrinth": {
          "project-id": "ix1qq8Ux",
          "version-id": "RaRxfQNc",
          "filename": "!!!CrashAssistant-forge-1.12.2-1.11.11.jar",
          "url": "https://cdn.modrinth.com/data/ix1qq8Ux/versions/RaRxfQNc/%21%21%21CrashAssistant-forge-1.12.2-1.11.11.jar",
          "hashes": {
            "sha512": "49074a774a5bdcb000293f4d5f60349c883fa94890767d9275fbc47db8b9a3bc2b5e797bfae6180835eaf9204e89033657c1b8e19971aa14d3ae9935125c2cee"
          }
        }
      }
    },
    {
      "path": "mods/crashpatch.bun.json",
      "slug": "crashpatch",
      "filename": "CrashPatch-1.8.9-forge-2.0.2.jar",
      "provider": "modrinth",
      "project-id": "nZ3E8WQz",
      "version-id": "qDhse9AS",
      "sha512": "6ddba5eb1184ceab16b70f7bb951115eb1b43717535fa4f765552c3729b6357b257056533ee2b17384b7ffe93f767e5cb2b4f036f3c977c174dadb302d08fee5",
      "sidecar-hash": "e8443cf06bcbe5075e5f7d2841d924aec2d5a5712e87e6a0662fecb40ca4acc0a7c315a8a5a9b1ade3a2126397bce5d0518ff2cce715377655e3098cd9e8d99c",
      "chosen": "modrinth",
      "providers": {
        "modrinth": {
          "project-id": "nZ3E8WQz",
          "version-id": "qDhse9AS",
          "filename": "CrashPatch-1.8.9-forge-2.0.2.jar",
          "url": "https://cdn.modrinth.com/data/nZ3E8WQz/versions/qDhse9AS/CrashPatch-1.8.9-forge-2.0.2.jar",
          "hashes": {
            "sha512": "6ddba5eb1184ceab16b70f7bb951115eb1b43717535fa4f765552c3729b6357b257056533ee2b17384b7ffe93f767e5cb2b4f036f3c977c174dadb302d08fee5"
          }
        }
      }
    },
    {
      "path": "mods/entityculling.bun.json",
      "slug": "entityculling",
      "filename": "entityculling-1.12.2-1.6.3.jar",
      "provider": "modrinth",
      "project-id": "NNAgCjsB",
      "version-id": "knltv3Vh",
      "sha512": "97c4def2a2979a0ba61c0fb016762756cf8361cdff651558dbb91cbe3d8627c388436d31ec2b93ff62df99a7ff589033184db4e6f298f4b8fdd4acf4c83ba202",
      "sidecar-hash": "614460bd3204dafc13922b1923817d8c05b28a253f372a9ade6b32c7bc12adca2d075d2beeb20251f69a056aa9205b38223f2121be8e0b6f5c5a1f9751161b1c",
      "chosen": "modrinth",
      "providers": {
        "modrinth": {
          "project-id": "NNAgCjsB",
          "version-id": "knltv3Vh",
          "filename": "entityculling-1.12.2-1.6.3.jar",
          "url": "https://cdn.modrinth.com/data/NNAgCjsB/versions/knltv3Vh/entityculling-1.12.2-1.6.3.jar",
          "hashes": {
            "sha512": "97c4def2a2979a0ba61c0fb016762756cf8361cdff651558dbb91cbe3d8627c388436d31ec2b93ff62df99a7ff589033184db4e6f298f4b8fdd4acf4c83ba202"
          }
        }
      }
    },
    {
      "path": "mods/foamfix.bun.json",
      "slug": "foamfix",
      "filename": "foamfix-0.10.15-1.12.2.jar",
      "provider": "modrinth",
      "project-id": "jupr7Bf5",
      "version-id": "oEGIQQnQ",
      "sha512": "64770f694bc4d4537d1296a41a20e38878df4f6cb83b8276e9869c62bd28168392186999e8ef9a553173afe09f985ae3ec667a45a58cef5dfc12b6805da7f7f2",
      "sidecar-hash": "4784dcee6b24e61a5eb12b349dfda767f34e4d6a735f9168603c3d15b7e8b38835fb93508aedb214542b8de0b6fdbb8543f6fc5f86edae87f0748268c7e73a74",
      "chosen": "modrinth",
      "providers": {
        "modrinth": {
          "project-id": "jupr7Bf5",
          "version-id": "oEGIQQnQ",
          "filename": "foamfix-0.10.15-1.12.2.jar",
          "url": "https://cdn.modrinth.com/data/jupr7Bf5/versions/oEGIQQnQ/foamfix-0.10.15-1.12.2.jar",
          "hashes": {
            "sha512": "64770f694bc4d4537d1296a41a20e38878df4f6cb83b8276e9869c62bd28168392186999e8ef9a553173afe09f985ae3ec667a45a58cef5dfc12b6805da7f7f2"
          }
        }
      }
    },
    {
      "path": "mods/idletweaks.bun.json",
      "slug": "idletweaks",
      "filename": "IdleTweaks-1.0.5.jar",
      "provider": "modrinth",
      "project-id": "Vnjlu1sC",
      "version-id": "j9icIEF1",
      "sha512": "c48bec2ed920a595808abc487f4e5746cb0ce0e4e565ce5f4e2b6df64b6a01d54ed9b297627b9eb1ba4075d9b06dd6dfb88b9c8b3faec580097bb1186c7a6773",
      "sidecar-hash": "fae0875eaef90487e4c8c2a3ca882cfb4260e57271b3d7d36dd025506b094ba64498437d6687e764bc4eaa88847e2d9e502859dc1f07547094e096f0fc80ca95",
      "chosen": "modrinth",
      "providers": {
        "modrinth": {
          "project-id": "Vnjlu1sC",
          "version-id": "j9icIEF1",
          "filename": "IdleTweaks-1.0.5.jar",
          "url": "https://cdn.modrinth.com/data/Vnjlu1sC/versions/j9icIEF1/IdleTweaks-1.0.5.jar",
          "hashes": {
            "sha512": "c48bec2ed920a595808abc487f4e5746cb0ce0e4e565ce5f4e2b6df64b6a01d54ed9b297627b9eb1ba4075d9b06dd6dfb88b9c8b3faec580097bb1186c7a6773"
          }
        }
      }
    },
    {
      "path": "mods/lwjgl3ify.bun.json",
      "slug": "lwjgl3ify",
      "filename": "lwjgl3ify-3.0.18.jar",
      "provider": "modrinth",
      "project-id": "eC4lt4Oy",
      "version-id": "4wPzY7v0",
      "sha512": "8708ad978916f6eaeb4ae20f2416d50d38865fee5fc59f54a573d66cd274b59eb1fd31a9e5f1565371cf8afeefcdfcaf84329815864da05180d2e92d1d5e69b8",
      "sidecar-hash": "b4973cd4b6f35804f40606881e60fa3b7985764dcc31168adba1a58796f4ae3aa28c0c8be3fb927e48ed92459629e4f5ec158b3a36b5d62a157693ff5f421d1e",
      "chosen": "modrinth",
      "providers": {
        "modrinth": {
          "project-id": "eC4lt4Oy",
          "version-id": "4wPzY7v0",
          "filename": "lwjgl3ify-3.0.18.jar",
          "url": "https://cdn.modrinth.com/data/eC4lt4Oy/versions/4wPzY7v0/lwjgl3ify-3.0.18.jar",
          "hashes": {
            "sha512": "8708ad978916f6eaeb4ae20f2416d50d38865fee5fc59f54a573d66cd274b59eb1fd31a9e5f1565371cf8afeefcdfcaf84329815864da05180d2e92d1d5e69b8"
          }
        }
      }
    },
    {
      "path": "mods/unimixins.bun.json",
      "slug": "unimixins",
      "filename": "+unimixins-all-1.7.10-0.3.0.jar",
      "provider": "modrinth",
      "project-id": "ghjoiQAl",
      "version-id": "BpPBBjZU",
      "sha512": "752f89025e72a32d33e22c57e90e1a720bb04f53274dd652dda18db805ff1d1657832518c0bf137cbed26d448ae019a5f424e0fe991d3c34157f38233ae224cd",
      "sidecar-hash": "167b93d7a4155ad775202dc34d9b3fa4837011a7bdee3659aec38b1dbad1b7ccde332f3d684c6e1f6be8a39cbbd2e014a1d99e1edebb5c84fa0c166b49ec1efd",
      "chosen": "modrinth",
      "providers": {
        "modrinth": {
          "project-id": "ghjoiQAl",
          "version-id": "BpPBBjZU",
          "filename": "+unimixins-all-1.7.10-0.3.0.jar",
          "url": "https://cdn.modrinth.com/data/ghjoiQAl/versions/BpPBBjZU/%2Bunimixins-all-1.7.10-0.3.0.jar",
          "hashes": {
            "sha512": "752f89025e72a32d33e22c57e90e1a720bb04f53274dd652dda18db805ff1d1657832518c0bf137cbed26d448ae019a5f424e0fe991d3c34157f38233ae224cd"
          }
        }
      }
    },
    {
      "path": "mods/vintagefix.bun.json",
      "slug": "vintagefix",
      "filename": "vintagefix-0.7.0.jar",
      "provider": "modrinth",
      "project-id": "e6vNsbAm",
      "version-id": "6MuNBnRe",
      "sha512": "f900ee498a574209f4719135c41a06d1c14899d0905c9c4dbd632bb4e78a01026258f7810b19885737e67b81a336d4926389a4ee9732b32d77e83503e86d4387",
      "sidecar-hash": "d2c4dacf2aa351730fe4cc8a29595746b78c7e1ef320184115d606f411163470956d969db468ecab0925a41cd99d95b56cff16b462f58a13dbb803587512f6e7",
      "chosen": "modrinth",
      "providers": {
        "modrinth": {
          "project-id": "e6vNsbAm",
          "version-id": "6MuNBnRe",
          "filename": "vintagefix-0.7.0.jar",
          "url": "https://cdn.modrinth.com/data/e6vNsbAm/versions/6MuNBnRe/vintagefix-0.7.0.jar",
          "hashes": {
            "sha512": "f900ee498a574209f4719135c41a06d1c14899d0905c9c4dbd632bb4e78a01026258f7810b19885737e67b81a336d4926389a4ee9732b32d77e83503e86d4387"
          }
        }
      }
    }
  ],
  "overlays": [
    {
      "file": "modlist.md",
      "hash": "cd00d8bec11abfe44692bf5a333e8ef7b7029a63e4b0e8d87141c83252b9ae8b9da366ba03ab386134b4e2ae9f66d74057056ade6d067c0a81045c1b411a4bcb",
      "hash-format": "sha512"
    }
  ]
}
