{
  "version": 2,
  "pack-format": "bundle:29",
  "packages": [
    {
      "path": "mods/asynclogger.bun.json",
      "slug": "asynclogger",
      "filename": "asynclogger-2.1.2+26.1.2-fabric.jar",
      "provider": "modrinth",
      "project-id": "zvNzKfGF",
      "version-id": "MCoxIcu9",
      "sha512": "6e1a796f0fdffe9f02d61f0b27b68aac22fbc0f28c963c47cdbf55fedd5f9aa6a22bcea3a9a93b4885f2f819e219e05f45672f8205673f4c74058f3284a476ef",
      "sidecar-hash": "2f8b88af156ddfb010cc13146d1a9528b24c6f0a716ca5358866f0c0a63c0a28fb87a0ab6f68962c3234b9bee54a699df57c2287b83eeb5617fba25266f030e4",
      "chosen": "modrinth",
      "providers": {
        "modrinth": {
          "project-id": "zvNzKfGF",
          "version-id": "MCoxIcu9",
          "filename": "asynclogger-2.1.2+26.1.2-fabric.jar",
          "url": "https://cdn.modrinth.com/data/zvNzKfGF/versions/MCoxIcu9/asynclogger-2.1.2%2B26.1.2-fabric.jar",
          "hashes": {
            "sha512": "6e1a796f0fdffe9f02d61f0b27b68aac22fbc0f28c963c47cdbf55fedd5f9aa6a22bcea3a9a93b4885f2f819e219e05f45672f8205673f4c74058f3284a476ef"
          }
        }
      }
    },
    {
      "path": "mods/c2me-fabric.bun.json",
      "slug": "c2me-fabric",
      "filename": "c2me-fabric-mc26.1.2-0.4.0-alpha.0.35.jar",
      "provider": "modrinth",
      "project-id": "VSNURh3q",
      "version-id": "22VT4H6y",
      "sha512": "b965b57e3f2436376b10c453dc825f5c7902306e888c1bffb5ba0155a7296b17c72cd47e39468fb9a2e05fc470b2ebbd6cb1f3ff9fd8e10efba40fb1455b051e",
      "sidecar-hash": "1add14d599aa1d2657f7ca30af06d05b3e6b40da55e565c8b409d210ca97b1aca9d97f937aa55b7e543b0416e3f2ff3a1c81733b6917bc32af1c7c455dc9ecdd",
      "chosen": "modrinth",
      "providers": {
        "modrinth": {
          "project-id": "VSNURh3q",
          "version-id": "22VT4H6y",
          "filename": "c2me-fabric-mc26.1.2-0.4.0-alpha.0.35.jar",
          "url": "https://cdn.modrinth.com/data/VSNURh3q/versions/22VT4H6y/c2me-fabric-mc26.1.2-0.4.0-alpha.0.35.jar",
          "hashes": {
            "sha512": "b965b57e3f2436376b10c453dc825f5c7902306e888c1bffb5ba0155a7296b17c72cd47e39468fb9a2e05fc470b2ebbd6cb1f3ff9fd8e10efba40fb1455b051e"
          }
        }
      }
    },
    {
      "path": "mods/c2me-ocl.bun.json",
      "slug": "c2me-ocl",
      "filename": "c2me-fabric-opts-accel-opencl-mc26.1.2-0.4.0-alpha.0.35.jar",
      "provider": "modrinth",
      "project-id": "qtPMklut",
      "version-id": "1U35OLgA",
      "sha512": "0a95c75a317f29015c8a7dc09940af7da4d92dd50cf93e7450b4c188bf309f7408d146fca50bbc70652e26127172f942c86fe3df9a06d54e8870c4c3f1e27a86",
      "sidecar-hash": "7cd592ec688218a6c5932446319fe8b7a6097f386f4d679c9ffe7246b0ca1af50a90b1213177d9a2ede6dbc4a32a988bdd88959ce6a027dbcd015b746daa0f90",
      "chosen": "modrinth",
      "providers": {
        "modrinth": {
          "project-id": "qtPMklut",
          "version-id": "1U35OLgA",
          "filename": "c2me-fabric-opts-accel-opencl-mc26.1.2-0.4.0-alpha.0.35.jar",
          "url": "https://cdn.modrinth.com/data/qtPMklut/versions/1U35OLgA/c2me-fabric-opts-accel-opencl-mc26.1.2-0.4.0-alpha.0.35.jar",
          "hashes": {
            "sha512": "0a95c75a317f29015c8a7dc09940af7da4d92dd50cf93e7450b4c188bf309f7408d146fca50bbc70652e26127172f942c86fe3df9a06d54e8870c4c3f1e27a86"
          }
        }
      }
    },
    {
      "path": "mods/custom-player-models.bun.json",
      "slug": "custom-player-models",
      "filename": "CustomPlayerModels-Fabric-26.1-0.6.27a.jar",
      "provider": "modrinth",
      "project-id": "h1E7sQNL",
      "version-id": "5TBX9e3S",
      "sha512": "b9e0fc4c7dd7799f386150771c6248c3e21f94f0e92d503c3eb159c91c02d643a34eb4be5d8f6a7fc638bb18011eb2e1fc1e63ae98df75b89178f934ffc77945",
      "sidecar-hash": "6329dba5915ef08578690f4962188f5ae8b9d4bb28c97dce8b62e47801d7e5844308b313285ce5a7eb642c1b6d0aa0bfa35cf9f04c3315706d373ace6ac998ae",
      "chosen": "modrinth",
      "providers": {
        "modrinth": {
          "project-id": "h1E7sQNL",
          "version-id": "5TBX9e3S",
          "filename": "CustomPlayerModels-Fabric-26.1-0.6.27a.jar",
          "url": "https://cdn.modrinth.com/data/h1E7sQNL/versions/5TBX9e3S/CustomPlayerModels-Fabric-26.1-0.6.27a.jar",
          "hashes": {
            "sha512": "b9e0fc4c7dd7799f386150771c6248c3e21f94f0e92d503c3eb159c91c02d643a34eb4be5d8f6a7fc638bb18011eb2e1fc1e63ae98df75b89178f934ffc77945"
          }
        }
      }
    },
    {
      "path": "mods/fabric-api.bun.json",
      "slug": "fabric-api",
      "filename": "fabric-api-0.155.2+26.1.2.jar",
      "provider": "modrinth",
      "project-id": "P7dR8mSH",
      "version-id": "uLkEd5dr",
      "sha512": "e07d2e525037e3ce2d6fa18ddc9d4970263a85fd0718fdbd41a1a42c93ec861307d0f5d1461f020ff941bdd5b981a82b5717ee2d6b5c400124bf0171fb21e998",
      "sidecar-hash": "8af33c3ab8d65a62eb35a27ff8872cd9fb197989514f1508c17c54b7fc2d143241b2a1848be49ad34f4c044c7ddac52313b7a0ce58b37cf9c65c15ae9655c39b",
      "chosen": "modrinth",
      "providers": {
        "modrinth": {
          "project-id": "P7dR8mSH",
          "version-id": "uLkEd5dr",
          "filename": "fabric-api-0.155.2+26.1.2.jar",
          "url": "https://cdn.modrinth.com/data/P7dR8mSH/versions/uLkEd5dr/fabric-api-0.155.2%2B26.1.2.jar",
          "hashes": {
            "sha512": "e07d2e525037e3ce2d6fa18ddc9d4970263a85fd0718fdbd41a1a42c93ec861307d0f5d1461f020ff941bdd5b981a82b5717ee2d6b5c400124bf0171fb21e998"
          }
        }
      }
    },
    {
      "path": "mods/factory-api.bun.json",
      "slug": "factory-api",
      "filename": "FactoryAPI-26.1.2-2.2.8-fabric.jar",
      "provider": "modrinth",
      "project-id": "nkTZHOLD",
      "version-id": "WPmPigj8",
      "sha512": "0da5335678aceddc1322d30f490441d5632887d2a70b6ddcd28e433374c44292061cc3736cbd7c7660f2d003c4187301c1a67f33e8914fea218b4f18e223af36",
      "sidecar-hash": "e31150c7b53cc7a37127e6847de36be043df8dac0b615fc7065c10e3f01e57d5dca2c2d4df3577834a0df8719dd7e815fa0c8273885b2f6e88df85c353064c74",
      "chosen": "modrinth",
      "providers": {
        "modrinth": {
          "project-id": "nkTZHOLD",
          "version-id": "WPmPigj8",
          "filename": "FactoryAPI-26.1.2-2.2.8-fabric.jar",
          "url": "https://cdn.modrinth.com/data/nkTZHOLD/versions/WPmPigj8/FactoryAPI-26.1.2-2.2.8-fabric.jar",
          "hashes": {
            "sha512": "0da5335678aceddc1322d30f490441d5632887d2a70b6ddcd28e433374c44292061cc3736cbd7c7660f2d003c4187301c1a67f33e8914fea218b4f18e223af36"
          }
        }
      }
    },
    {
      "path": "mods/ferrite-core.bun.json",
      "slug": "ferrite-core",
      "filename": "ferritecore-9.0.0-fabric.jar",
      "provider": "modrinth",
      "project-id": "uXXizFIs",
      "version-id": "d5ddUdiB",
      "sha512": "d81fa97e11784c19d42f89c2f433831d007603dd7193cee45fa177e4a6a9c52b384b198586e04a0f7f63cd996fed713322578bde9a8db57e1188854ae5cbe584",
      "sidecar-hash": "0cd0fdefbf6f467f5c94b85854a320f2715b41ae5f1794e6ca97f028fb10ab5b9b7d43c3c16ad6bfce202030d3170578782ad234ee8d70a8dac467475146d4e2",
      "chosen": "modrinth",
      "providers": {
        "modrinth": {
          "project-id": "uXXizFIs",
          "version-id": "d5ddUdiB",
          "filename": "ferritecore-9.0.0-fabric.jar",
          "url": "https://cdn.modrinth.com/data/uXXizFIs/versions/d5ddUdiB/ferritecore-9.0.0-fabric.jar",
          "hashes": {
            "sha512": "d81fa97e11784c19d42f89c2f433831d007603dd7193cee45fa177e4a6a9c52b384b198586e04a0f7f63cd996fed713322578bde9a8db57e1188854ae5cbe584"
          }
        }
      }
    },
    {
      "path": "mods/immersive-optimization.bun.json",
      "slug": "immersive-optimization",
      "filename": "immersive_optimization-fabric-26.1.2-0.2.0.jar",
      "provider": "modrinth",
      "project-id": "vNZgQmjg",
      "version-id": "iL9BwcjV",
      "sha512": "e8751aadf28014359562add5352163971bbdb4ab7d23ceb318645321eb5bc9f995f080f1f03666191d78896240349dc967b83500f8594806a3a588e03ff2edd7",
      "sidecar-hash": "7c91f11b448273562d9367b4e1b1209c299f586352b3ab94b475c901e3225378c603e3a83fae2a16d2312e16459fe15c25d51f35ce7350369fa5220aa75827f3",
      "chosen": "modrinth",
      "providers": {
        "modrinth": {
          "project-id": "vNZgQmjg",
          "version-id": "iL9BwcjV",
          "filename": "immersive_optimization-fabric-26.1.2-0.2.0.jar",
          "url": "https://cdn.modrinth.com/data/vNZgQmjg/versions/iL9BwcjV/immersive_optimization-fabric-26.1.2-0.2.0.jar",
          "hashes": {
            "sha512": "e8751aadf28014359562add5352163971bbdb4ab7d23ceb318645321eb5bc9f995f080f1f03666191d78896240349dc967b83500f8594806a3a588e03ff2edd7"
          }
        }
      }
    },
    {
      "path": "mods/kreno-fpatcher.bun.json",
      "slug": "kreno-fpatcher",
      "filename": "kreno_fpatcher-26.2.0+26.1.jar",
      "provider": "modrinth",
      "project-id": "yzkasIPx",
      "version-id": "ao5jVc3l",
      "sha512": "d84b499175e85d2746c08e531f4d0a2b9a2a0addefb0d019b2642db6df985317c8f8aa329fc0cc4520edd5358661ac3fdcdf2bb7ba746d74e27639a66ff90d37",
      "sidecar-hash": "2f3ab9355d17f3cd1abe3ec7fa4070072f3e11299975782398514a6a482b7b3e3df9b4c4489726e114e5375c708ea25bc5aa32dcd83e4644012938911c17cc5d",
      "chosen": "modrinth",
      "providers": {
        "modrinth": {
          "project-id": "yzkasIPx",
          "version-id": "ao5jVc3l",
          "filename": "kreno_fpatcher-26.2.0+26.1.jar",
          "url": "https://cdn.modrinth.com/data/yzkasIPx/versions/ao5jVc3l/kreno_fpatcher-26.2.0%2B26.1.jar",
          "hashes": {
            "sha512": "d84b499175e85d2746c08e531f4d0a2b9a2a0addefb0d019b2642db6df985317c8f8aa329fc0cc4520edd5358661ac3fdcdf2bb7ba746d74e27639a66ff90d37"
          }
        }
      }
    },
    {
      "path": "mods/krypton.bun.json",
      "slug": "krypton",
      "filename": "krypton-0.3.0.jar",
      "provider": "modrinth",
      "project-id": "fQEb0iXm",
      "version-id": "kYAGItyj",
      "sha512": "14233210283a76f3cf435a3b8ddbcbd65a858d2b1a10b88ff643c0a01486dfd2bf1843bd3456cd4fb86cbb3b06f2dea0c4e663b1976a48e96de16d3b5a707ec9",
      "sidecar-hash": "4855f32972671f51b186cd35fb3828b2d7ebccaa232f57424cb1898be16bb71ce52e9737d475694d598eb2a63c7dfd3f8231fd19161778512fbf6b7d06670cf4",
      "chosen": "modrinth",
      "providers": {
        "modrinth": {
          "project-id": "fQEb0iXm",
          "version-id": "kYAGItyj",
          "filename": "krypton-0.3.0.jar",
          "url": "https://cdn.modrinth.com/data/fQEb0iXm/versions/kYAGItyj/krypton-0.3.0.jar",
          "hashes": {
            "sha512": "14233210283a76f3cf435a3b8ddbcbd65a858d2b1a10b88ff643c0a01486dfd2bf1843bd3456cd4fb86cbb3b06f2dea0c4e663b1976a48e96de16d3b5a707ec9"
          }
        }
      }
    },
    {
      "path": "mods/lazyai.bun.json",
      "slug": "lazyai",
      "filename": "lazy-ai-1.6.1.jar",
      "provider": "modrinth",
      "project-id": "qgWgCnzi",
      "version-id": "BP4jQN5Z",
      "sha512": "c34012ae099b73b74c46a6f8e5df21e5bf7df1b88c5bfd93bc5906fa59521ba2de315c76288d6f9a75ab7a6d334e493707c14640caad6759e93ed11b88bac086",
      "sidecar-hash": "98cc8fe305c1594d5da1bfb792044d680d34059f1ff1c0564cccf959d3a95835e972df62e7f01a52a9c5f70ea8e15c64cfce305fd555fedb31b81338b670b8f1",
      "chosen": "modrinth",
      "providers": {
        "modrinth": {
          "project-id": "qgWgCnzi",
          "version-id": "BP4jQN5Z",
          "filename": "lazy-ai-1.6.1.jar",
          "url": "https://cdn.modrinth.com/data/qgWgCnzi/versions/BP4jQN5Z/lazy-ai-1.6.1.jar",
          "hashes": {
            "sha512": "c34012ae099b73b74c46a6f8e5df21e5bf7df1b88c5bfd93bc5906fa59521ba2de315c76288d6f9a75ab7a6d334e493707c14640caad6759e93ed11b88bac086"
          }
        }
      }
    },
    {
      "path": "mods/legacy4j.bun.json",
      "slug": "legacy4j",
      "filename": "Legacy4J-26.1.2-1.9-pre-2-fabric.jar",
      "provider": "modrinth",
      "project-id": "gHvKJofA",
      "version-id": "A2IY6LLn",
      "sha512": "3646580b83a6ae4faf95128a6334bada975d8191812798de380e6457951590819d18399b21ddb8c4e8a1604b66426a2a41ef81b24ea852d9ebdd29c914bfe677",
      "sidecar-hash": "14b0f324e9f3c0ab8cd652dea55cc891b2629c1ee78996743f765bf85f39b9c80f1a2226fec97b177b0a68c3d22816427a4593cc323d901fbbae796ae7154e37",
      "chosen": "modrinth",
      "providers": {
        "modrinth": {
          "project-id": "gHvKJofA",
          "version-id": "A2IY6LLn",
          "filename": "Legacy4J-26.1.2-1.9-pre-2-fabric.jar",
          "url": "https://cdn.modrinth.com/data/gHvKJofA/versions/A2IY6LLn/Legacy4J-26.1.2-1.9-pre-2-fabric.jar",
          "hashes": {
            "sha512": "3646580b83a6ae4faf95128a6334bada975d8191812798de380e6457951590819d18399b21ddb8c4e8a1604b66426a2a41ef81b24ea852d9ebdd29c914bfe677"
          }
        }
      }
    },
    {
      "path": "mods/lithium.bun.json",
      "slug": "lithium",
      "filename": "lithium-fabric-0.24.6+mc26.1.2.jar",
      "provider": "modrinth",
      "project-id": "gvQqBUqZ",
      "version-id": "fQBdPR1m",
      "sha512": "fac351f5b6150889b9355a01889c35b5798147d4bedb291594a590a2d41909eb8dc494ef0051317bf55886f2fc7fe134abbe2e755098df38473edb2bf43357e9",
      "sidecar-hash": "82184bef28d95682841d6e25f74e64cd2141e3fcaf33c262349347fd2729a8eb094d492e84af74d56322ec20b98df0821f27436c36c3ee474861ea7bba1b5502",
      "chosen": "modrinth",
      "providers": {
        "modrinth": {
          "project-id": "gvQqBUqZ",
          "version-id": "fQBdPR1m",
          "filename": "lithium-fabric-0.24.6+mc26.1.2.jar",
          "url": "https://cdn.modrinth.com/data/gvQqBUqZ/versions/fQBdPR1m/lithium-fabric-0.24.6%2Bmc26.1.2.jar",
          "hashes": {
            "sha512": "fac351f5b6150889b9355a01889c35b5798147d4bedb291594a590a2d41909eb8dc494ef0051317bf55886f2fc7fe134abbe2e755098df38473edb2bf43357e9"
          }
        }
      }
    },
    {
      "path": "mods/modernfix-mvus.bun.json",
      "slug": "modernfix-mvus",
      "filename": "modernfix-5.27.19-build.1.jar",
      "provider": "modrinth",
      "project-id": "TjSm1wrD",
      "version-id": "cTKaCklf",
      "sha512": "0ee91d7e138665375cbf29391ef2c6800c847c4fed3d41653e8c496ccac4b2833f474fb11c77b11e9aeb2eb6a3df246ab592f47678326c8af052612135cd6f7c",
      "sidecar-hash": "1e3e25be3321879ecc2d050aaca5346635556eabb355f77ec5e71ece1a345c938f615b72f87b0e362804c936ac55f801c04e627fb41b03cb0878f463c053fa2a",
      "chosen": "modrinth",
      "providers": {
        "modrinth": {
          "project-id": "TjSm1wrD",
          "version-id": "cTKaCklf",
          "filename": "modernfix-5.27.19-build.1.jar",
          "url": "https://cdn.modrinth.com/data/TjSm1wrD/versions/cTKaCklf/modernfix-5.27.19-build.1.jar",
          "hashes": {
            "sha512": "0ee91d7e138665375cbf29391ef2c6800c847c4fed3d41653e8c496ccac4b2833f474fb11c77b11e9aeb2eb6a3df246ab592f47678326c8af052612135cd6f7c"
          }
        }
      }
    },
    {
      "path": "mods/modernregsyncfix.bun.json",
      "slug": "modernregsyncfix",
      "filename": "modernregsyncfix-2.0.0.jar",
      "provider": "modrinth",
      "project-id": "U2w9BZus",
      "version-id": "LmIVtB3w",
      "sha512": "f9fa6b3217f229a93f0f592f0d2ae8c61ebc82a0b06144437b8affafe8329d9399e184351962666ef14677ec8ed28a1989401d309aba7e761b926be1ce34139b",
      "sidecar-hash": "33bc820a4dcfc55ee9a07612a89ec3bcc84b91856468fc918f7865e1c5de6ed0e7c688678f1225c960acce78c09b9acb8412ecb52c769dc12fdec67951f6de96",
      "chosen": "modrinth",
      "providers": {
        "modrinth": {
          "project-id": "U2w9BZus",
          "version-id": "LmIVtB3w",
          "filename": "modernregsyncfix-2.0.0.jar",
          "url": "https://cdn.modrinth.com/data/U2w9BZus/versions/LmIVtB3w/modernregsyncfix-2.0.0.jar",
          "hashes": {
            "sha512": "f9fa6b3217f229a93f0f592f0d2ae8c61ebc82a0b06144437b8affafe8329d9399e184351962666ef14677ec8ed28a1989401d309aba7e761b926be1ce34139b"
          }
        }
      }
    },
    {
      "path": "mods/no-chat-reports.bun.json",
      "slug": "no-chat-reports",
      "filename": "NoChatReports-FABRIC-26.1-v2.19.0.jar",
      "provider": "curseforge",
      "project-id": "634062",
      "version-id": "7825701",
      "sha512": "94d58a1a4cde4e3b1750bdf724e65c5f4ff3436c2532f36a465d497d26bf59f5ac996cddbff8ecdfed770c319aa2f2dcc9c7b2d19a35651c2a7735c5b2124dad",
      "sidecar-hash": "6ace5e7c8f5f31fd90eb08dd8be36baa9fb92d0e1c933c7b6a57f2946154da63334844da52ff2ee518d7c02e0a28791f78aa93efee5680f26a5e7c2bdd3c31e9",
      "chosen": "curseforge",
      "providers": {
        "curseforge": {
          "project-id": "634062",
          "version-id": "7825701",
          "filename": "NoChatReports-FABRIC-26.1-v2.19.0.jar",
          "hashes": {
            "sha1": "50ad29d6146667c732f7764a715cebf70e3cecdd",
            "sha512": "94d58a1a4cde4e3b1750bdf724e65c5f4ff3436c2532f36a465d497d26bf59f5ac996cddbff8ecdfed770c319aa2f2dcc9c7b2d19a35651c2a7735c5b2124dad"
          },
          "size": 242500
        }
      }
    },
    {
      "path": "mods/no-prying-eyes.bun.json",
      "slug": "no-prying-eyes",
      "filename": "NoPryingEyes-26.1.2-3.0.0-beta.jar",
      "provider": "modrinth",
      "project-id": "LoXPgYhm",
      "version-id": "9xWCcBaS",
      "sha512": "49866d02d6a0f0ebbb7f6baacddb2d0dcd0e7eab15d947ea39d5a09bd3e1528ed3ac60233978e5576e55ca696d17323d671aead6e2b2f15e6b4b3b9ff63e7474",
      "sidecar-hash": "26c56d1d863bbe7a0b7169ca5c5731715e20b982135618613a4f42c268a692775b8503e4a0bf9e01454ad269d4d08d8fd750e8b2cb8ce8bdb152ffc1d78399b4",
      "chosen": "modrinth",
      "providers": {
        "modrinth": {
          "project-id": "LoXPgYhm",
          "version-id": "9xWCcBaS",
          "filename": "NoPryingEyes-26.1.2-3.0.0-beta.jar",
          "url": "https://cdn.modrinth.com/data/LoXPgYhm/versions/9xWCcBaS/NoPryingEyes-26.1.2-3.0.0-beta.jar",
          "hashes": {
            "sha512": "49866d02d6a0f0ebbb7f6baacddb2d0dcd0e7eab15d947ea39d5a09bd3e1528ed3ac60233978e5576e55ca696d17323d671aead6e2b2f15e6b4b3b9ff63e7474"
          }
        }
      }
    },
    {
      "path": "mods/oxidizium.bun.json",
      "slug": "oxidizium",
      "filename": "oxidizium-panama-1.3.1.jar",
      "provider": "modrinth",
      "project-id": "TLtbk2Er",
      "version-id": "CkO8Xjj9",
      "sha512": "19d033828d93759fc2fbaa01bf15df39c5d48dae20a946ec8d40891e33b4610d2aef5381d77528f7d73a53d45c5e43508bfa1332cbfa66a4ef7b0b21a3c5492a",
      "sidecar-hash": "decdb9541f313c5b78318021ef6f68ffbdef974b08ad461f488c6dbaa1f25aae1813b07c05b3e8041391516607f3c22537ec3b637795ca687cc3dd0bb23e20c0",
      "chosen": "modrinth",
      "providers": {
        "modrinth": {
          "project-id": "TLtbk2Er",
          "version-id": "CkO8Xjj9",
          "filename": "oxidizium-panama-1.3.1.jar",
          "url": "https://cdn.modrinth.com/data/TLtbk2Er/versions/CkO8Xjj9/oxidizium-panama-1.3.1.jar",
          "hashes": {
            "sha512": "19d033828d93759fc2fbaa01bf15df39c5d48dae20a946ec8d40891e33b4610d2aef5381d77528f7d73a53d45c5e43508bfa1332cbfa66a4ef7b0b21a3c5492a"
          }
        }
      }
    },
    {
      "path": "mods/preferred-gamerules.bun.json",
      "slug": "preferred-gamerules",
      "filename": "preferred-gamerules-2.0.0+26.1.jar",
      "provider": "modrinth",
      "project-id": "kKib77nY",
      "version-id": "YwL9Cznl",
      "sha512": "46bb8565208e1eab3bbf62ed14a055ffcce9ac512483845c4e3a580b6b0f7f63d44a75d6975d4c8f6ca2982b32d3eddd2616bf9480ec01ce5dd5d84134400238",
      "sidecar-hash": "da3346d50e3fb1fb99b044493d18995b5fb1c01c12f7789659b13a768c3946040f14e9c09eb5d7378b65765720a75b90baaa23066fce5f923e27f03f62699b14",
      "chosen": "modrinth",
      "providers": {
        "modrinth": {
          "project-id": "kKib77nY",
          "version-id": "YwL9Cznl",
          "filename": "preferred-gamerules-2.0.0+26.1.jar",
          "url": "https://cdn.modrinth.com/data/kKib77nY/versions/YwL9Cznl/preferred-gamerules-2.0.0%2B26.1.jar",
          "hashes": {
            "sha512": "46bb8565208e1eab3bbf62ed14a055ffcce9ac512483845c4e3a580b6b0f7f63d44a75d6975d4c8f6ca2982b32d3eddd2616bf9480ec01ce5dd5d84134400238"
          }
        }
      }
    },
    {
      "path": "mods/resourceful-config.bun.json",
      "slug": "resourceful-config",
      "filename": "ResourcefulConfig-4.0.1.jar",
      "provider": "modrinth",
      "project-id": "M1953qlQ",
      "version-id": "GMW14IUd",
      "sha512": "7d0dcd87b050c055dda100c0d1e4917479eca64c86e82c393383e5b04ee32a119126086fcf250d6393957adcb19243dcbfe6b4ae68ac56c943ac8acbe4c29164",
      "sidecar-hash": "78018235aaefe7a3082ee587e885267d4ba3abe24629563eeb6fd6eeb69c713a669c9eaef5587e66a7c5ec8d52078f1c06a386c0419f295bcc6a05e91266117e",
      "chosen": "modrinth",
      "providers": {
        "modrinth": {
          "project-id": "M1953qlQ",
          "version-id": "GMW14IUd",
          "filename": "ResourcefulConfig-4.0.1.jar",
          "url": "https://cdn.modrinth.com/data/M1953qlQ/versions/GMW14IUd/ResourcefulConfig-4.0.1.jar",
          "hashes": {
            "sha512": "7d0dcd87b050c055dda100c0d1e4917479eca64c86e82c393383e5b04ee32a119126086fcf250d6393957adcb19243dcbfe6b4ae68ac56c943ac8acbe4c29164"
          }
        }
      }
    },
    {
      "path": "mods/scalablelux.bun.json",
      "slug": "scalablelux",
      "filename": "ScalableLux-fabric-0.3.0-alpha.0.2-all.jar",
      "provider": "modrinth",
      "project-id": "Ps1zyz6x",
      "version-id": "ToW8oIIq",
      "sha512": "9b388d75e23f79eb5a5c3436c0051e93813cf608e1ea34c77e9fd6705468fe02acc2ca1daeb831743a1c3ee9d6c9c50ea992f396db49290a3d0e97fc3c084fbb",
      "sidecar-hash": "d1388f43cb6aea88b842516a48f4e9a4c1a2fe35399ea53ce248a35a8fa6dee85f68bd1b10de76a99f8904717627b989019c645d3751d140968a9b4aa9df316d",
      "chosen": "modrinth",
      "providers": {
        "modrinth": {
          "project-id": "Ps1zyz6x",
          "version-id": "ToW8oIIq",
          "filename": "ScalableLux-fabric-0.3.0-alpha.0.2-all.jar",
          "url": "https://cdn.modrinth.com/data/Ps1zyz6x/versions/ToW8oIIq/ScalableLux-fabric-0.3.0-alpha.0.2-all.jar",
          "hashes": {
            "sha512": "9b388d75e23f79eb5a5c3436c0051e93813cf608e1ea34c77e9fd6705468fe02acc2ca1daeb831743a1c3ee9d6c9c50ea992f396db49290a3d0e97fc3c084fbb"
          }
        }
      }
    },
    {
      "path": "mods/servercore.bun.json",
      "slug": "servercore",
      "filename": "servercore-fabric-1.5.19+26.1.2.jar",
      "provider": "modrinth",
      "project-id": "4WWQxlQP",
      "version-id": "H6TboTA2",
      "sha512": "056d56d74508bf34f25ded9323a721be915b9273796100ee81c4a867717364539285b4ae9749e360d6699d485e3fba0561502a8c94979684b0cf79ce8e80afcd",
      "sidecar-hash": "1a7a016943223ff5f4d08d1e77e5b1a5a2912d6224165e7baec9c6c935de3f2f29fa82284a07254e8032e0b2bc21066acd3c88992dd17d9cc3b3913c2e0c0197",
      "chosen": "modrinth",
      "providers": {
        "modrinth": {
          "project-id": "4WWQxlQP",
          "version-id": "H6TboTA2",
          "filename": "servercore-fabric-1.5.19+26.1.2.jar",
          "url": "https://cdn.modrinth.com/data/4WWQxlQP/versions/H6TboTA2/servercore-fabric-1.5.19%2B26.1.2.jar",
          "hashes": {
            "sha512": "056d56d74508bf34f25ded9323a721be915b9273796100ee81c4a867717364539285b4ae9749e360d6699d485e3fba0561502a8c94979684b0cf79ce8e80afcd"
          }
        }
      }
    },
    {
      "path": "mods/structure-layout-optimizer.bun.json",
      "slug": "structure-layout-optimizer",
      "filename": "structure_layout_optimizer-1.1.4+26.1-fabric.jar",
      "provider": "modrinth",
      "project-id": "ayPU0OHc",
      "version-id": "JwbecFqq",
      "sha512": "d0a443e5a71dc6a40f6345b49b73aee5290d5726f68a5b05d3b31b9ff71262dd2986518df8a560f2097e7584b944ff462d621499f5dede10afa624a34359e8cc",
      "sidecar-hash": "127809ed41582206325e9ab4be8e6d50d58457648408bbfb36f94a174748b723a72ad1ad952540cc6fa815182c112c571e96ee1b0a64de25406fa9e8ce131c7d",
      "chosen": "modrinth",
      "providers": {
        "modrinth": {
          "project-id": "ayPU0OHc",
          "version-id": "JwbecFqq",
          "filename": "structure_layout_optimizer-1.1.4+26.1-fabric.jar",
          "url": "https://cdn.modrinth.com/data/ayPU0OHc/versions/JwbecFqq/structure_layout_optimizer-1.1.4%2B26.1-fabric.jar",
          "hashes": {
            "sha512": "d0a443e5a71dc6a40f6345b49b73aee5290d5726f68a5b05d3b31b9ff71262dd2986518df8a560f2097e7584b944ff462d621499f5dede10afa624a34359e8cc"
          }
        }
      }
    },
    {
      "path": "mods/tt20.bun.json",
      "slug": "tt20",
      "filename": "tt20-0.8.3b+mc26.1.1-fabric.jar",
      "provider": "modrinth",
      "project-id": "YS3ZignI",
      "version-id": "1Vyv5qLP",
      "sha512": "6190492c2b8ee1d9004f7b1c5079eac012b7d957782642bd19d65b2da813e19dfe170d8a12b5048f8e415e88737c364ecef8d9dea31bbf0f7a86480f1074c849",
      "sidecar-hash": "07f7f8fff788483ff671fa03b0ade0858987b638bacf47b51058356d850388e0c64e69f3ec41e21c5f24b0e528babc7c7c46970e79e6ea3e726816f0997059ec",
      "chosen": "modrinth",
      "providers": {
        "modrinth": {
          "project-id": "YS3ZignI",
          "version-id": "1Vyv5qLP",
          "filename": "tt20-0.8.3b+mc26.1.1-fabric.jar",
          "url": "https://cdn.modrinth.com/data/YS3ZignI/versions/1Vyv5qLP/tt20-0.8.3b%2Bmc26.1.1-fabric.jar",
          "hashes": {
            "sha512": "6190492c2b8ee1d9004f7b1c5079eac012b7d957782642bd19d65b2da813e19dfe170d8a12b5048f8e415e88737c364ecef8d9dea31bbf0f7a86480f1074c849"
          }
        }
      }
    },
    {
      "path": "mods/vmp-fabric.bun.json",
      "slug": "vmp-fabric",
      "filename": "vmp-fabric-mc26.1.2-0.2.0+beta.7.234-all.jar",
      "provider": "modrinth",
      "project-id": "wnEe9KBa",
      "version-id": "9f7J0dAp",
      "sha512": "24a0df2407893b1cfb55e27dc1c1fef008df53518d118aa3245924d37b642a27d7b6afde950fbf5d07c4111c44ac264d9ae56b8d8c6a9b55acdfb91ba0a15f16",
      "sidecar-hash": "7c044627fb3b664669ad1199fa7fad2303c59cd847aa1f624230c08a41935c3be1d0591831ccfae0b310d6d10337f3809e73ea675ce72f244dd68d9b380d433a",
      "chosen": "modrinth",
      "providers": {
        "modrinth": {
          "project-id": "wnEe9KBa",
          "version-id": "9f7J0dAp",
          "filename": "vmp-fabric-mc26.1.2-0.2.0+beta.7.234-all.jar",
          "url": "https://cdn.modrinth.com/data/wnEe9KBa/versions/9f7J0dAp/vmp-fabric-mc26.1.2-0.2.0%2Bbeta.7.234-all.jar",
          "hashes": {
            "sha512": "24a0df2407893b1cfb55e27dc1c1fef008df53518d118aa3245924d37b642a27d7b6afde950fbf5d07c4111c44ac264d9ae56b8d8c6a9b55acdfb91ba0a15f16"
          }
        }
      }
    },
    {
      "path": "mods/zfastnoise.bun.json",
      "slug": "zfastnoise",
      "filename": "zfastnoise-1.0.39+26.1.2.jar",
      "provider": "modrinth",
      "project-id": "OnlVIpq5",
      "version-id": "ghmh5tiI",
      "sha512": "2261cb894b40f04f939f4921b4503eb324ee8b8b38dccc0c163f5bcff6dffe9c8567819a860378748e4979e9796a146a8a9b53769a83f48dab219b5b4cf9084a",
      "sidecar-hash": "7b3d4ef6c509790438d136afaceb37b34ef645b9b49290190cb8470021c529ea45fdb3d850ed5cffcaab2f2e24fde397c40c0467409960a77e6e6ef316f91b69",
      "chosen": "modrinth",
      "providers": {
        "modrinth": {
          "project-id": "OnlVIpq5",
          "version-id": "ghmh5tiI",
          "filename": "zfastnoise-1.0.39+26.1.2.jar",
          "url": "https://cdn.modrinth.com/data/OnlVIpq5/versions/ghmh5tiI/zfastnoise-1.0.39%2B26.1.2.jar",
          "hashes": {
            "sha512": "2261cb894b40f04f939f4921b4503eb324ee8b8b38dccc0c163f5bcff6dffe9c8567819a860378748e4979e9796a146a8a9b53769a83f48dab219b5b4cf9084a"
          }
        }
      }
    }
  ],
  "overlays": [
    {
      "file": "config/c2me.toml",
      "hash": "8def97f2a339c776bec2c23a58d6aac0115d732f7895594ddf0fbb432eb6c6de12960c35779cdf0c8b62b9986ea598f5dd028e43728c36f47649eb933424840a",
      "hash-format": "sha512"
    },
    {
      "file": "config/ferritecore.mixin.properties",
      "hash": "4054daee2e4fdf81cc5ccab0179400e5c964258aec2d8266347109851247ff93fd0c296ea664f5b2b6425faf3d6b81f44f42ceec40c582c115d8f1129b3abd92",
      "hash-format": "sha512"
    },
    {
      "file": "config/lithium.properties",
      "hash": "9be53266efb7c570695232da01571f0ff34737191061a1fe502dbbda7c28bd816795db5ddf0ab9cfe57b676e30afb0486c7b0d3f9fe64d1a2bc720b099156ba8",
      "hash-format": "sha512"
    },
    {
      "file": "config/preferred-gamerules.properties",
      "hash": "fa392bdb04f4bb556e984596bc1dfcc9dedc31ed91b08e3ce4b36360d8a33fb61124e9c0764af4b42ebb7eab81eb2fa346446c14626eb3d2bab201b411fa970c",
      "hash-format": "sha512"
    },
    {
      "file": "config/zfastnoise.mixin.toml",
      "hash": "f713f24b20e7f0c8d59f19300136d5c154c471198864502650550dcb66afc0ef731e85dd27cb83e6b6e7ac40bbfae001fd616b23f512acc83ccc6686a51d5260",
      "hash-format": "sha512"
    },
    {
      "file": "modlist.md",
      "hash": "92023bd874b05681e64b9bba7f7f0660dd5de77f1de4303a8e3e361147c6bc4b9aa3dcac7ca19b0c57dd0239834ad9514e9e183c174fc9f08e0992bd8911fb2c",
      "hash-format": "sha512"
    }
  ]
}
