{
  "version": 2,
  "pack-format": "bundle:29",
  "packages": [
    {
      "path": "mods/crash-assistant.bun.json",
      "slug": "crash-assistant",
      "filename": "CrashAssistant-fabric-1.16.5-1.11.11.jar",
      "provider": "modrinth",
      "project-id": "ix1qq8Ux",
      "version-id": "MN5GytFh",
      "sha512": "e96d7887752db6bfff83c530713fb6b144e8855d5e91d1b94ba9a133403a042be01b834ca3f780492888c4bd14b64d3c2c87ac7b1974774e74afa6b1bad13607",
      "sidecar-hash": "92ae3cfa4ca5c69e79c94d327843017a690aa85dc84c68701d02d2d078fc587b35c61a8969ff38262bc1692f5bac777aa37f5e01ba32107520830ad3ad8de6f5",
      "chosen": "modrinth",
      "providers": {
        "modrinth": {
          "project-id": "ix1qq8Ux",
          "version-id": "MN5GytFh",
          "filename": "CrashAssistant-fabric-1.16.5-1.11.11.jar",
          "url": "https://cdn.modrinth.com/data/ix1qq8Ux/versions/MN5GytFh/CrashAssistant-fabric-1.16.5-1.11.11.jar",
          "hashes": {
            "sha512": "e96d7887752db6bfff83c530713fb6b144e8855d5e91d1b94ba9a133403a042be01b834ca3f780492888c4bd14b64d3c2c87ac7b1974774e74afa6b1bad13607"
          }
        }
      }
    },
    {
      "path": "mods/entityculling.bun.json",
      "slug": "entityculling",
      "filename": "entityculling-fabric-mc1.16.5-1.5.2.jar",
      "provider": "modrinth",
      "project-id": "NNAgCjsB",
      "version-id": "Qek7k92S",
      "sha512": "843a8630cf9038eb2c2ebd9f6249e0bf6dbadb92ce3dfbbd55e2e768b820942e70ab1cde2019c43b72d69a859b8fd1cb1c54c90097499e12f098b724256a3bf2",
      "sidecar-hash": "dd35a16f297790aaeeba0e95488a761ff3b0962edb15a2e0bf318969baaa4286a5279978649679198e3a48cd3edb21bc8e057fad30323b05c771dc017e4b9322",
      "chosen": "modrinth",
      "providers": {
        "modrinth": {
          "project-id": "NNAgCjsB",
          "version-id": "Qek7k92S",
          "filename": "entityculling-fabric-mc1.16.5-1.5.2.jar",
          "url": "https://cdn.modrinth.com/data/NNAgCjsB/versions/1.5.2-fabric-1.16/entityculling-fabric-mc1.16.5-1.5.2.jar",
          "hashes": {
            "sha512": "843a8630cf9038eb2c2ebd9f6249e0bf6dbadb92ce3dfbbd55e2e768b820942e70ab1cde2019c43b72d69a859b8fd1cb1c54c90097499e12f098b724256a3bf2"
          }
        }
      }
    },
    {
      "path": "mods/ferrite-core.bun.json",
      "slug": "ferrite-core",
      "filename": "ferritecore-2.1.1-fabric.jar",
      "provider": "modrinth",
      "project-id": "uXXizFIs",
      "version-id": "3UkWIj4a",
      "sha512": "77881a04bc28fc409da30dd469fb59d2aae56baad667fe7a811d9b14ce0c255f6a1e5d67d26fb9c0527ba0e28522f073f12a0102f4ea9490bf80492311046422",
      "sidecar-hash": "563fdff21f4a5d51c00969589c4e15ea7bc96c88fdd9a11b266fe8f3c6b5555d2e75e4e43ec31e2185ed2dc9227cff9946a18801e222976bf54cfd8bc70bf404",
      "chosen": "modrinth",
      "providers": {
        "modrinth": {
          "project-id": "uXXizFIs",
          "version-id": "3UkWIj4a",
          "filename": "ferritecore-2.1.1-fabric.jar",
          "url": "https://cdn.modrinth.com/data/uXXizFIs/versions/3UkWIj4a/ferritecore-2.1.1-fabric.jar",
          "hashes": {
            "sha512": "77881a04bc28fc409da30dd469fb59d2aae56baad667fe7a811d9b14ce0c255f6a1e5d67d26fb9c0527ba0e28522f073f12a0102f4ea9490bf80492311046422"
          }
        }
      }
    },
    {
      "path": "mods/ixeris.bun.json",
      "slug": "ixeris",
      "filename": "Ixeris-4.5.2+1.16.5-fabric.jar",
      "provider": "modrinth",
      "project-id": "p8RJPJIC",
      "version-id": "HEbFDlMQ",
      "sha512": "c4b8f7242d6f3ae5e788137493bc828ed902089a563842c00d18de24ba6ffe5bcb84fa2f3eee9a875bf7096562592641dc6e3778539186cef755c140700c9611",
      "sidecar-hash": "ee70810c5be2a6a68bfbb855ab9b350319e8ec456f907ee2af6f418d23b0f940d1cdf32732fe999977554fa2aeda2f758a60324464373532a4a4e3d159cc48c8",
      "chosen": "modrinth",
      "providers": {
        "modrinth": {
          "project-id": "p8RJPJIC",
          "version-id": "HEbFDlMQ",
          "filename": "Ixeris-4.5.2+1.16.5-fabric.jar",
          "url": "https://cdn.modrinth.com/data/p8RJPJIC/versions/HEbFDlMQ/Ixeris-4.5.2%2B1.16.5-fabric.jar",
          "hashes": {
            "sha512": "c4b8f7242d6f3ae5e788137493bc828ed902089a563842c00d18de24ba6ffe5bcb84fa2f3eee9a875bf7096562592641dc6e3778539186cef755c140700c9611"
          }
        }
      }
    },
    {
      "path": "mods/lazydfu.bun.json",
      "slug": "lazydfu",
      "filename": "lazydfu-0.1.2.jar",
      "provider": "modrinth",
      "project-id": "hvFnDODi",
      "version-id": "C6e265zK",
      "sha512": "20b1cd3e62051c7d7498ecdc49912acb918fc4748d469c67c078cc97197289760e64b9339a4d4a03d175f648c8be8601d131776a9a6bdb8832cecdda6fc46498",
      "sidecar-hash": "8491baa4f7a8e8b79d132f43d2f1770a7a993a0e59b0718fa989339b185c56023a5e51b678b09bc743ac973b4123c5ecfac28337216c113395967dded7c55156",
      "chosen": "modrinth",
      "providers": {
        "modrinth": {
          "project-id": "hvFnDODi",
          "version-id": "C6e265zK",
          "filename": "lazydfu-0.1.2.jar",
          "url": "https://cdn.modrinth.com/data/hvFnDODi/versions/0.1.2/lazydfu-0.1.2.jar",
          "hashes": {
            "sha512": "20b1cd3e62051c7d7498ecdc49912acb918fc4748d469c67c078cc97197289760e64b9339a4d4a03d175f648c8be8601d131776a9a6bdb8832cecdda6fc46498"
          }
        }
      }
    },
    {
      "path": "mods/lithium.bun.json",
      "slug": "lithium",
      "filename": "lithium-fabric-mc1.16.5-0.6.6.jar",
      "provider": "modrinth",
      "project-id": "gvQqBUqZ",
      "version-id": "rvsW1zhb",
      "sha512": "bb2dd085a6c5fcf86ba9a63d680fb5144a5788efe9c00a9417d978722dbb84163e47bb545c310869647924dad89bcfe2bbe04cd64476b304eada914083e5c094",
      "sidecar-hash": "f386432cc23065060d8a41d7a589eb314ecc4afd68325f0723aebb9ce5f0f1115aa4b4886a21e537507c2edb66a93db921fadd6ded22cd7119de8bdac9c8670b",
      "chosen": "modrinth",
      "providers": {
        "modrinth": {
          "project-id": "gvQqBUqZ",
          "version-id": "rvsW1zhb",
          "filename": "lithium-fabric-mc1.16.5-0.6.6.jar",
          "url": "https://cdn.modrinth.com/data/gvQqBUqZ/versions/mc1.16.5-0.6.6/lithium-fabric-mc1.16.5-0.6.6.jar",
          "hashes": {
            "sha512": "bb2dd085a6c5fcf86ba9a63d680fb5144a5788efe9c00a9417d978722dbb84163e47bb545c310869647924dad89bcfe2bbe04cd64476b304eada914083e5c094"
          }
        }
      }
    },
    {
      "path": "mods/modernfix.bun.json",
      "slug": "modernfix",
      "filename": "modernfix-fabric-5.18.0+mc1.16.5.jar",
      "provider": "modrinth",
      "project-id": "nmDcB62a",
      "version-id": "mDqpjmKe",
      "sha512": "49ef4748b0e5771ddeea36bccbc9250081a5fcc910af2ef92734054ea6e01ac57f38c46590ff03db74f8bc3089e00c0ce72c88f5b672f277bfe7a47707499194",
      "sidecar-hash": "678f2e8eb374263f36effa1e66bfff82ff768a7137e4ff72cd50c5cb73ee5698fa0ecb5a032da3b3e92936d2018658b3d8b2ea319848807be0dae90c68aee28c",
      "chosen": "modrinth",
      "providers": {
        "modrinth": {
          "project-id": "nmDcB62a",
          "version-id": "mDqpjmKe",
          "filename": "modernfix-fabric-5.18.0+mc1.16.5.jar",
          "url": "https://cdn.modrinth.com/data/nmDcB62a/versions/mDqpjmKe/modernfix-fabric-5.18.0%2Bmc1.16.5.jar",
          "hashes": {
            "sha512": "49ef4748b0e5771ddeea36bccbc9250081a5fcc910af2ef92734054ea6e01ac57f38c46590ff03db74f8bc3089e00c0ce72c88f5b672f277bfe7a47707499194"
          }
        }
      }
    },
    {
      "path": "mods/phosphor.bun.json",
      "slug": "phosphor",
      "filename": "phosphor-fabric-mc1.16.2-0.8.0.jar",
      "provider": "modrinth",
      "project-id": "hEOCdOgW",
      "version-id": "nZsp5YpW",
      "sha512": "8924a070abc3183c602da482250dd1d4137db06c7ae2bce8154cb4d82657ced44b1df5f4da402a279383f7731c1c9687a8c616716d8e15cf89f77541c69a36ef",
      "sidecar-hash": "206f248351e4cec0bfcbfbdf3227eff65f84bc396ad493d337cf9564c50addc40f3b238273085f3049432512a1f22672e2eea20a38f6e18c72ce49c9a7514255",
      "chosen": "modrinth",
      "providers": {
        "modrinth": {
          "project-id": "hEOCdOgW",
          "version-id": "nZsp5YpW",
          "filename": "phosphor-fabric-mc1.16.2-0.8.0.jar",
          "url": "https://cdn.modrinth.com/data/hEOCdOgW/versions/mc1.16.2-0.8.0/phosphor-fabric-mc1.16.2-0.8.0.jar",
          "hashes": {
            "sha512": "8924a070abc3183c602da482250dd1d4137db06c7ae2bce8154cb4d82657ced44b1df5f4da402a279383f7731c1c9687a8c616716d8e15cf89f77541c69a36ef"
          }
        }
      }
    },
    {
      "path": "mods/smoothboot-fabric.bun.json",
      "slug": "smoothboot-fabric",
      "filename": "smoothboot-fabric-1.16.5-1.6.0.jar",
      "provider": "modrinth",
      "project-id": "FWumhS4T",
      "version-id": "nPGcelzS",
      "sha512": "6ce1272a1e82e62299419a09c24263c303f4e233c7331eb83df66a65bfb9f1f6bd33a4b65aaa42f83166f431033c962901a07762a84fc99d07cf07c6cfe9254c",
      "sidecar-hash": "01e0b5aff552cc9a3153da602b94517d568542fed1cb5003605e632c973314688c8c351bb44f5954195101833a4f4adee148be7ffecc3df0971c24c036ef875f",
      "chosen": "modrinth",
      "providers": {
        "modrinth": {
          "project-id": "FWumhS4T",
          "version-id": "nPGcelzS",
          "filename": "smoothboot-fabric-1.16.5-1.6.0.jar",
          "url": "https://cdn.modrinth.com/data/FWumhS4T/versions/1.16.5-1.6.0/smoothboot-fabric-1.16.5-1.6.0.jar",
          "hashes": {
            "sha512": "6ce1272a1e82e62299419a09c24263c303f4e233c7331eb83df66a65bfb9f1f6bd33a4b65aaa42f83166f431033c962901a07762a84fc99d07cf07c6cfe9254c"
          }
        }
      }
    },
    {
      "path": "mods/sodium.bun.json",
      "slug": "sodium",
      "filename": "sodium-fabric-mc1.16.5-0.2.0+build.4.jar",
      "provider": "modrinth",
      "project-id": "AANobbMI",
      "version-id": "YAGZ1cCS",
      "sha512": "de0ec6cc85a9b90a4a2dc43ca81db962691cb95362bde8db54115c8fadf257d97fc05267832b14f2e576af4743dfde9d79e3deeea0b46b2685085fa1e21d50ee",
      "sidecar-hash": "690188f6df5d8c2c43ec24332f5514ce13028b5a2e7f563a9eb9ac762e9cba29937d44669d71eca40aecca4357e8243253c22b0680027e0afa43f0b2b404585a",
      "chosen": "modrinth",
      "providers": {
        "modrinth": {
          "project-id": "AANobbMI",
          "version-id": "YAGZ1cCS",
          "filename": "sodium-fabric-mc1.16.5-0.2.0+build.4.jar",
          "url": "https://cdn.modrinth.com/data/AANobbMI/versions/mc1.16.5-0.2.0/sodium-fabric-mc1.16.5-0.2.0%2Bbuild.4.jar",
          "hashes": {
            "sha512": "de0ec6cc85a9b90a4a2dc43ca81db962691cb95362bde8db54115c8fadf257d97fc05267832b14f2e576af4743dfde9d79e3deeea0b46b2685085fa1e21d50ee"
          }
        }
      }
    }
  ],
  "overlays": [
    {
      "file": "config/ferritecore.mixin.properties",
      "hash": "7ec73783b4aa73852145571df58a98eddd9a1da4033aa8fed316749988324c67e661869aa1c5ff9cbde1ca11f4a9f88b4b0d4bdc4b2ed72effb0daf98e7f41a8",
      "hash-format": "sha512"
    },
    {
      "file": "config/lithium.properties",
      "hash": "81725a4e7ea553a291c403a4dfbf65bc83b9d5393fbaf0d87e75c43fcce0422d8916b4eb0a4575fe40540b05d39f4f8c14f7626e30d1756cf0594dea9b41ea9d",
      "hash-format": "sha512"
    },
    {
      "file": "config/modernfix-mixins.properties",
      "hash": "b7244d3905e046f441e4a51d02d4a285f2ac1606508b0e3f6e01de6f38512c3dff2130e6a1acd3769a5ed42148f967d65be66c50e32cd683022dbdfee972f9f0",
      "hash-format": "sha512"
    },
    {
      "file": "config/smoothboot.json",
      "hash": "b5862c1164ae6f1492879bf549a45e07c46b0cb7fac9b22cdb4fb79d2dc073d6dc5d121a07907214bc7e9a8d48122ff70ec3d599108977e8c3f2baf4e021113d",
      "hash-format": "sha512"
    },
    {
      "file": "config/sodium-mixins.properties",
      "hash": "63afb42fc498686f95928e3c37d4b4e305791faedc03e316071b3a2b11fe7e6295a405fdc863ea1ae2ea280acf8f8c6364a93e554958f0c64cab9615239f9cf6",
      "hash-format": "sha512"
    },
    {
      "file": "config/sodium-options.json",
      "hash": "07db01631bb0ae98fb05d14a8fc52b9642d7d64f001d07f4adc25bf598736dacc1b7579f2ac1a28a5443e042bdfc197b31723d7018256348aeac3fd35ce2553e",
      "hash-format": "sha512"
    },
    {
      "file": "modlist.md",
      "hash": "945e9a99fa095cb6506840f87b35179a4ad93350df04929ca0aa9f92a4d8a0fde98c2d511c206cebc6697511caae347bb1dd949352661bbdcc33393f994a3252",
      "hash-format": "sha512"
    }
  ]
}
